// !$*UTF8*$!
{
	archiveVersion = 1;
	classes = {
	};
	objectVersion = 46;
	objects = {

/* Begin PBXBuildFile section */
		50FC80711F0DD2C20089821A /* AppDelegate.swift in Sources */ = {isa = PBXBuildFile; fileRef = 50FC80701F0DD2C20089821A /* AppDelegate.swift */; };
		50FC80731F0DD2C20089821A /* ViewController.swift in Sources */ = {isa = PBXBuildFile; fileRef = 50FC80721F0DD2C20089821A /* ViewController.swift */; };
		50FC80761F0DD2C20089821A /* Main.storyboard in Resources */ = {isa = PBXBuildFile; fileRef = 50FC80741F0DD2C20089821A /* Main.storyboard */; };
		50FC80781F0DD2C20089821A /* Assets.xcassets in Resources */ = {isa = PBXBuildFile; fileRef = 50FC80771F0DD2C20089821A /* Assets.xcassets */; };
		50FC807B1F0DD2C20089821A /* LaunchScreen.storyboard in Resources */ = {isa = PBXBuildFile; fileRef = 50FC80791F0DD2C20089821A /* LaunchScreen.storyboard */; };
		50FC80861F0DD2C20089821A /* NinjaGoldTests.swift in Sources */ = {isa = PBXBuildFile; fileRef = 50FC80851F0DD2C20089821A /* NinjaGoldTests.swift */; };
/* End PBXBuildFile section */

/* Begin PBXContainerItemProxy section */
		50FC80821F0DD2C20089821A /* PBXContainerItemProxy */ = {
			isa = PBXContainerItemProxy;
			containerPortal = 50FC80651F0DD2C20089821A /* Project object */;
			proxyType = 1;
			remoteGlobalIDString = 50FC806C1F0DD2C20089821A;
			remoteInfo = NinjaGold;
		};
/* End PBXContainerItemProxy section */

/* Begin PBXFileReference section */
		50FC806D1F0DD2C20089821A /* NinjaGold.app */ = {isa = PBXFileReference; explicitFileType = wrapper.application; includeInIndex = 0; path = NinjaGold.app; sourceTree = BUILT_PRODUCTS_DIR; };
		50FC80701F0DD2C20089821A /* AppDelegate.swift */ = {isa = PBXFileReference; lastKnownFileType = sourcecode.swift; path = AppDelegate.swift; sourceTree = "<group>"; };
		50FC80721F0DD2C20089821A /* ViewController.swift */ = {isa = PBXFileReference; lastKnownFileType = sourcecode.swift; path = ViewController.swift; sourceTree = "<group>"; };
		50FC80751F0DD2C20089821A /* Base */ = {isa = PBXFileReference; lastKnownFileType = file.storyboard; name = Base; path = Base.lproj/Main.storyboard; sourceTree = "<group>"; };
		50FC80771F0DD2C20089821A /* Assets.xcassets */ = {isa = PBXFileReference; lastKnownFileType = folder.assetcatalog; path = Assets.xcassets; sourceTree = "<group>"; };
		50FC807A1F0DD2C20089821A /* Base */ = {isa = PBXFileReference; lastKnownFileType = file.storyboard; name = Base; path = Base.lproj/LaunchScreen.storyboard; sourceTree = "<group>"; };
		50FC807C1F0DD2C20089821A /* Info.plist */ = {isa = PBXFileReference; lastKnownFileType = text.plist.xml; path = Info.plist; sourceTree = "<group>"; };
		50FC80811F0DD2C20089821A /* NinjaGoldTests.xctest */ = {isa = PBXFileReference; explicitFileType = wrapper.cfbundle; includeInIndex = 0; path = NinjaGoldTests.xctest; sourceTree = BUILT_PRODUCTS_DIR; };
		50FC80851F0DD2C20089821A /* NinjaGoldTests.swift */ = {isa = PBXFileReference; lastKnownFileType = sourcecode.swift; path = NinjaGoldTests.swift; sourceTree = "<group>"; };
		50FC80871F0DD2C20089821A /* Info.plist */ = {isa = PBXFileReference; lastKnownFileType = text.plist.xml; path = Info.plist; sourceTree = "<group>"; };
/* End PBXFileReference section */

/* Begin PBXFrameworksBuildPhase section */
		50FC806A1F0DD2C20089821A /* Frameworks */ = {
			isa = PBXFrameworksBuildPhase;
			buildActionMask = 2147483647;
			files = (
			);
			runOnlyForDeploymentPostprocessing = 0;
		};
		50FC807E1F0DD2C20089821A /* Frameworks */ = {
			isa = PBXFrameworksBuildPhase;
			buildActionMask = 2147483647;
			files = (
			);
			runOnlyForDeploymentPostprocessing = 0;
		};
/* End PBXFrameworksBuildPhase section */

/* Begin PBXGroup section */
		50FC80641F0DD2C20089821A = {
			isa = PBXGroup;
			children = (
				50FC806F1F0DD2C20089821A /* NinjaGold */,
				50FC80841F0DD2C20089821A /* NinjaGoldTests */,
				50FC806E1F0DD2C20089821A /* Products */,
			);
			sourceTree = "<group>";
		};
		50FC806E1F0DD2C20089821A /* Products */ = {
			isa = PBXGroup;
			children = (
				50FC806D1F0DD2C20089821A /* NinjaGold.app */,
				50FC80811F0DD2C20089821A /* NinjaGoldTests.xctest */,
			);
			name = Products;
			sourceTree = "<group>";
		};
		50FC806F1F0DD2C20089821A /* NinjaGold */ = {
			isa = PBXGroup;
			children = (
				50FC80701F0DD2C20089821A /* AppDelegate.swift */,
				50FC80721F0DD2C20089821A /* ViewController.swift */,
				50FC80741F0DD2C20089821A /* Main.storyboard */,
				50FC80771F0DD2C20089821A /* Assets.xcassets */,
				50FC80791F0DD2C20089821A /* LaunchScreen.storyboard */,
				50FC807C1F0DD2C20089821A /* Info.plist */,
			);
			path = NinjaGold;
			sourceTree = "<group>";
		};
		50FC80841F0DD2C20089821A /* NinjaGoldTests */ = {
			isa = PBXGroup;
			children = (
				50FC80851F0DD2C20089821A /* NinjaGoldTests.swift */,
				50FC80871F0DD2C20089821A /* Info.plist */,
			);
			path = NinjaGoldTests;
			sourceTree = "<group>";
		};
/* End PBXGroup section */

/* Begin PBXNativeTarget section */
		50FC806C1F0DD2C20089821A /* NinjaGold */ = {
			isa = PBXNativeTarget;
			buildConfigurationList = 50FC808A1F0DD2C20089821A /* Build configuration list for PBXNativeTarget "NinjaGold" */;
			buildPhases = (
				50FC80691F0DD2C20089821A /* Sources */,
				50FC806A1F0DD2C20089821A /* Frameworks */,
				50FC806B1F0DD2C20089821A /* Resources */,
			);
			buildRules = (
			);
			dependencies = (
			);
			name = NinjaGold;
			productName = NinjaGold;
			productReference = 50FC806D1F0DD2C20089821A /* NinjaGold.app */;
			productType = "com.apple.product-type.application";
		};
		50FC80801F0DD2C20089821A /* NinjaGoldTests */ = {
			isa = PBXNativeTarget;
			buildConfigurationList = 50FC808D1F0DD2C20089821A /* Build configuration list for PBXNativeTarget "NinjaGoldTests" */;
			buildPhases = (
				50FC807D1F0DD2C20089821A /* Sources */,
				50FC807E1F0DD2C20089821A /* Frameworks */,
				50FC807F1F0DD2C20089821A /* Resources */,
			);
			buildRules = (
			);
			dependencies = (
				50FC80831F0DD2C20089821A /* PBXTargetDependency */,
			);
			name = NinjaGoldTests;
			productName = NinjaGoldTests;
			productReference = 50FC80811F0DD2C20089821A /* NinjaGoldTests.xctest */;
			productType = "com.apple.product-type.bundle.unit-test";
		};
/* End PBXNativeTarget section */

/* Begin PBXProject section */
		50FC80651F0DD2C20089821A /* Project object */ = {
			isa = PBXProject;
			attributes = {
				LastSwiftUpdateCheck = 0830;
				LastUpgradeCheck = 0830;
				ORGANIZATIONNAME = "MJ Norona";
				TargetAttributes = {
					50FC806C1F0DD2C20089821A = {
						CreatedOnToolsVersion = 8.3.3;
						ProvisioningStyle = Automatic;
					};
					50FC80801F0DD2C20089821A = {
						CreatedOnToolsVersion = 8.3.3;
						ProvisioningStyle = Automatic;
						TestTargetID = 50FC806C1F0DD2C20089821A;
					};
				};
			};
			buildConfigurationList = 50FC80681F0DD2C20089821A /* Build configuration list for PBXProject "NinjaGold" */;
			compatibilityVersion = "Xcode 3.2";
			developmentRegion = English;
			hasScannedForEncodings = 0;
			knownRegions = (
				en,
				Base,
			);
			mainGroup = 50FC80641F0DD2C20089821A;
			productRefGroup = 50FC806E1F0DD2C20089821A /* Products */;
			projectDirPath = "";
			projectRoot = "";
			targets = (
				50FC806C1F0DD2C20089821A /* NinjaGold */,
				50FC80801F0DD2C20089821A /* NinjaGoldTests */,
			);
		};
/* End PBXProject section */

/* Begin PBXResourcesBuildPhase section */
		50FC806B1F0DD2C20089821A /* Resources */ = {
			isa = PBXResourcesBuildPhase;
			buildActionMask = 2147483647;
			files = (
				50FC807B1F0DD2C20089821A /* LaunchScreen.storyboard in Resources */,
				50FC80781F0DD2C20089821A /* Assets.xcassets in Resources */,
				50FC80761F0DD2C20089821A /* Main.storyboard in Resources */,
			);
			runOnlyForDeploymentPostprocessing = 0;
		};
		50FC807F1F0DD2C20089821A /* Resources */ = {
			isa = PBXResourcesBuildPhase;
			buildActionMask = 2147483647;
			files = (
			);
			runOnlyForDeploymentPostprocessing = 0;
		};
/* End PBXResourcesBuildPhase section */

/* Begin PBXSourcesBuildPhase section */
		50FC80691F0DD2C20089821A /* Sources */ = {
			isa = PBXSourcesBuildPhase;
			buildActionMask = 2147483647;
			files = (
				50FC80731F0DD2C20089821A /* ViewController.swift in Sources */,
				50FC80711F0DD2C20089821A /* AppDelegate.swift in Sources */,
			);
			runOnlyForDeploymentPostprocessing = 0;
		};
		50FC807D1F0DD2C20089821A /* Sources */ = {
			isa = PBXSourcesBuildPhase;
			buildActionMask = 2147483647;
			files = (
				50FC80861F0DD2C20089821A /* NinjaGoldTests.swift in Sources */,
			);
			runOnlyForDeploymentPostprocessing = 0;
		};
/* End PBXSourcesBuildPhase section */

/* Begin PBXTargetDependency section */
		50FC80831F0DD2C20089821A /* PBXTargetDependency */ = {
			isa = PBXTargetDependency;
			target = 50FC806C1F0DD2C20089821A /* NinjaGold */;
			targetProxy = 50FC80821F0DD2C20089821A /* PBXContainerItemProxy */;
		};
/* End PBXTargetDependency section */

/* Begin PBXVariantGroup section */
		50FC80741F0DD2C20089821A /* Main.storyboard */ = {
			isa = PBXVariantGroup;
			children = (
				50FC80751F0DD2C20089821A /* Base */,
			);
			name = Main.storyboard;
			sourceTree = "<group>";
		};
		50FC80791F0DD2C20089821A /* LaunchScreen.storyboard */ = {
			isa = PBXVariantGroup;
			children = (
				50FC807A1F0DD2C20089821A /* Base */,
			);
			name = LaunchScreen.storyboard;
			sourceTree = "<group>";
		};
/* End PBXVariantGroup section */

/* Begin XCBuildConfiguration section */
		50FC80881F0DD2C20089821A /* Debug */ = {
			isa = XCBuildConfiguration;
			buildSettings = {
				ALWAYS_SEARCH_USER_PATHS = NO;
				CLANG_ANALYZER_NONNULL = YES;
				CLANG_ANALYZER_NUMBER_OBJECT_CONVERSION = YES_AGGRESSIVE;
				CLANG_CXX_LANGUAGE_STANDARD = "gnu++0x";
				CLANG_CXX_LIBRARY = "libc++";
				CLANG_ENABLE_MODULES = YES;
				CLANG_ENABLE_OBJC_ARC = YES;
				CLANG_WARN_BOOL_CONVERSION = YES;
				CLANG_WARN_CONSTANT_CONVERSION = YES;
				CLANG_WARN_DIRECT_OBJC_ISA_USAGE = YES_ERROR;
				CLANG_WARN_DOCUMENTATION_COMMENTS = YES;
				CLANG_WARN_EMPTY_BODY = YES;
				CLANG_WARN_ENUM_CONVERSION = YES;
				CLANG_WARN_INFINITE_RECURSION = YES;
				CLANG_WARN_INT_CONVERSION = YES;
				CLANG_WARN_OBJC_ROOT_CLASS = YES_ERROR;
				CLANG_WARN_SUSPICIOUS_MOVE = YES;
				CLANG_WARN_UNREACHABLE_CODE = YES;
				CLANG_WARN__DUPLICATE_METHOD_MATCH = YES;
				"CODE_SIGN_IDENTITY[sdk=iphoneos*]" = "iPhone Developer";
				COPY_PHASE_STRIP = NO;
				DEBUG_INFORMATION_FORMAT = dwarf;
				ENABLE_STRICT_OBJC_MSGSEND = YES;
				ENABLE_TESTABILITY = YES;
				GCC_C_LANGUAGE_STANDARD = gnu99;
				GCC_DYNAMIC_NO_PIC = NO;
				GCC_NO_COMMON_BLOCKS = YES;
				GCC_OPTIMIZATION_LEVEL = 0;
				GCC_PREPROCESSOR_DEFINITIONS = (
					"DEBUG=1",
					"$(inherited)",
				);
				GCC_WARN_64_TO_32_BIT_CONVERSION = YES;
				GCC_WARN_ABOUT_RETURN_TYPE = YES_ERROR;
				GCC_WARN_UNDECLARED_SELECTOR = YES;
				GCC_WARN_UNINITIALIZED_AUTOS = YES_AGGRESSIVE;
				GCC_WARN_UNUSED_FUNCTION = YES;
				GCC_WARN_UNUSED_VARIABLE = YES;
				IPHONEOS_DEPLOYMENT_TARGET = 10.3;
				MTL_ENABLE_DEBUG_INFO = YES;
				ONLY_ACTIVE_ARCH = YES;
				SDKROOT = iphoneos;
				SWIFT_ACTIVE_COMPILATION_CONDITIONS = DEBUG;
				SWIFT_OPTIMIZATION_LEVEL = "-Onone";
				TARGETED_DEVICE_FAMILY = "1,2";
			};
			name = Debug;
		};
		50FC80891F0DD2C20089821A /* Release */ = {
			isa = XCBuildConfiguration;
			buildSettings = {
				ALWAYS_SEARCH_USER_PATHS = NO;
				CLANG_ANALYZER_NONNULL = YES;
				CLANG_ANALYZER_NUMBER_OBJECT_CONVERSION = YES_AGGRESSIVE;
				CLANG_CXX_LANGUAGE_STANDARD = "gnu++0x";
				CLANG_CXX_LIBRARY = "libc++";
				CLANG_ENABLE_MODULES = YES;
				CLANG_ENABLE_OBJC_ARC = YES;
				CLANG_WARN_BOOL_CONVERSION = YES;
				CLANG_WARN_CONSTANT_CONVERSION = YES;
				CLANG_WARN_DIRECT_OBJC_ISA_USAGE = YES_ERROR;
				CLANG_WARN_DOCUMENTATION_COMMENTS = YES;
				CLANG_WARN_EMPTY_BODY = YES;
				CLANG_WARN_ENUM_CONVERSION = YES;
				CLANG_WARN_INFINITE_RECURSION = YES;
				CLANG_WARN_INT_CONVERSION = YES;
				CLANG_WARN_OBJC_ROOT_CLASS = YES_ERROR;
				CLANG_WARN_SUSPICIOUS_MOVE = YES;
				CLANG_WARN_UNREACHABLE_CODE = YES;
				CLANG_WARN__DUPLICATE_METHOD_MATCH = YES;
				"CODE_SIGN_IDENTITY[sdk=iphoneos*]" = "iPhone Developer";
				COPY_PHASE_STRIP = NO;
				DEBUG_INFORMATION_FORMAT = "dwarf-with-dsym";
				ENABLE_NS_ASSERTIONS = NO;
				ENABLE_STRICT_OBJC_MSGSEND = YES;
				GCC_C_LANGUAGE_STANDARD = gnu99;
				GCC_NO_COMMON_BLOCKS = YES;
				GCC_WARN_64_TO_32_BIT_CONVERSION = YES;
				GCC_WARN_ABOUT_RETURN_TYPE = YES_ERROR;
				GCC_WARN_UNDECLARED_SELECTOR = YES;
				GCC_WARN_UNINITIALIZED_AUTOS = YES_AGGRESSIVE;
				GCC_WARN_UNUSED_FUNCTION = YES;
				GCC_WARN_UNUSED_VARIABLE = YES;
				IPHONEOS_DEPLOYMENT_TARGET = 10.3;
				MTL_ENABLE_DEBUG_INFO = NO;
				SDKROOT = iphoneos;
				SWIFT_OPTIMIZATION_LEVEL = "-Owholemodule";
				TARGETED_DEVICE_FAMILY = "1,2";
				VALIDATE_PRODUCT = YES;
			};
			name = Release;
		};
		50FC808B1F0DD2C20089821A /* Debug */ = {
			isa = XCBuildConfiguration;
			buildSettings = {
				ASSETCATALOG_COMPILER_APPICON_NAME = AppIcon;
				INFOPLIST_FILE = NinjaGold/Info.plist;
				LD_RUNPATH_SEARCH_PATHS = "$(inherited) @executable_path/Frameworks";
				PRODUCT_BUNDLE_IDENTIFIER = com.example.NinjaGold;
				PRODUCT_NAME = "$(TARGET_NAME)";
				SWIFT_VERSION = 3.0;
			};
			name = Debug;
		};
		50FC808C1F0DD2C20089821A /* Release */ = {
			isa = XCBuildConfiguration;
			buildSettings = {
				ASSETCATALOG_COMPILER_APPICON_NAME = AppIcon;
				INFOPLIST_FILE = NinjaGold/Info.plist;
				LD_RUNPATH_SEARCH_PATHS = "$(inherited) @executable_path/Frameworks";
				PRODUCT_BUNDLE_IDENTIFIER = com.example.NinjaGold;
				PRODUCT_NAME = "$(TARGET_NAME)";
				SWIFT_VERSION = 3.0;
			};
			name = Release;
		};
		50FC808E1F0DD2C20089821A /* Debug */ = {
			isa = XCBuildConfiguration;
			buildSettings = {
				ALWAYS_EMBED_SWIFT_STANDARD_LIBRARIES = YES;
				BUNDLE_LOADER = "$(TEST_HOST)";
				INFOPLIST_FILE = NinjaGoldTests/Info.plist;
				LD_RUNPATH_SEARCH_PATHS = "$(inherited) @executable_path/Frameworks @loader_path/Frameworks";
				PRODUCT_BUNDLE_IDENTIFIER = com.example.NinjaGoldTests;
				PRODUCT_NAME = "$(TARGET_NAME)";
				SWIFT_VERSION = 3.0;
				TEST_HOST = "$(BUILT_PRODUCTS_DIR)/NinjaGold.app/NinjaGold";
			};
			name = Debug;
		};
		50FC808F1F0DD2C20089821A /* Release */ = {
			isa = XCBuildConfiguration;
			buildSettings = {
				ALWAYS_EMBED_SWIFT_STANDARD_LIBRARIES = YES;
				BUNDLE_LOADER = "$(TEST_HOST)";
				INFOPLIST_FILE = NinjaGoldTests/Info.plist;
				LD_RUNPATH_SEARCH_PATHS = "$(inherited) @executable_path/Frameworks @loader_path/Frameworks";
				PRODUCT_BUNDLE_IDENTIFIER = com.example.NinjaGoldTests;
				PRODUCT_NAME = "$(TARGET_NAME)";
				SWIFT_VERSION = 3.0;
				TEST_HOST = "$(BUILT_PRODUCTS_DIR)/NinjaGold.app/NinjaGold";
			};
			name = Release;
		};
/* End XCBuildConfiguration section */

/* Begin XCConfigurationList section */
		50FC80681F0DD2C20089821A /* Build configuration list for PBXProject "NinjaGold" */ = {
			isa = XCConfigurationList;
			buildConfigurations = (
				50FC80881F0DD2C20089821A /* Debug */,
				50FC80891F0DD2C20089821A /* Release */,
			);
			defaultConfigurationIsVisible = 0;
			defaultConfigurationName = Release;
		};
		50FC808A1F0DD2C20089821A /* Build configuration list for PBXNativeTarget "NinjaGold" */ = {
			isa = XCConfigurationList;
			buildConfigurations = (
				50FC808B1F0DD2C20089821A /* Debug */,
				50FC808C1F0DD2C20089821A /* Release */,
			);
			defaultConfigurationIsVisible = 0;
		};
		50FC808D1F0DD2C20089821A /* Build configuration list for PBXNativeTarget "NinjaGoldTests" */ = {
			isa = XCConfigurationList;
			buildConfigurations = (
				50FC808E1F0DD2C20089821A /* Debug */,
				50FC808F1F0DD2C20089821A /* Release */,
			);
			defaultConfigurationIsVisible = 0;
		};
/* End XCConfigurationList section */
	};
	rootObject = 50FC80651F0DD2C20089821A /* Project object */;
}
