// !$*UTF8*$!
{
	archiveVersion = 1;
	classes = {
	};
	objectVersion = 46;
	objects = {

/* Begin PBXBuildFile section */
		506AEF971F16988B00693986 /* AppDelegate.swift in Sources */ = {isa = PBXBuildFile; fileRef = 506AEF961F16988B00693986 /* AppDelegate.swift */; };
		506AEF991F16988B00693986 /* ViewController.swift in Sources */ = {isa = PBXBuildFile; fileRef = 506AEF981F16988B00693986 /* ViewController.swift */; };
		506AEF9C1F16988B00693986 /* Main.storyboard in Resources */ = {isa = PBXBuildFile; fileRef = 506AEF9A1F16988B00693986 /* Main.storyboard */; };
		506AEF9E1F16988B00693986 /* Assets.xcassets in Resources */ = {isa = PBXBuildFile; fileRef = 506AEF9D1F16988B00693986 /* Assets.xcassets */; };
		506AEFA11F16988B00693986 /* LaunchScreen.storyboard in Resources */ = {isa = PBXBuildFile; fileRef = 506AEF9F1F16988B00693986 /* LaunchScreen.storyboard */; };
		506AEFAC1F16988B00693986 /* BinaryCounterTests.swift in Sources */ = {isa = PBXBuildFile; fileRef = 506AEFAB1F16988B00693986 /* BinaryCounterTests.swift */; };
		506AEFB91F16EAC000693986 /* CustomCell.swift in Sources */ = {isa = PBXBuildFile; fileRef = 506AEFB81F16EAC000693986 /* CustomCell.swift */; };
/* End PBXBuildFile section */

/* Begin PBXContainerItemProxy section */
		506AEFA81F16988B00693986 /* PBXContainerItemProxy */ = {
			isa = PBXContainerItemProxy;
			containerPortal = 506AEF8B1F16988B00693986 /* Project object */;
			proxyType = 1;
			remoteGlobalIDString = 506AEF921F16988B00693986;
			remoteInfo = BinaryCounter;
		};
/* End PBXContainerItemProxy section */

/* Begin PBXFileReference section */
		506AEF931F16988B00693986 /* BinaryCounter.app */ = {isa = PBXFileReference; explicitFileType = wrapper.application; includeInIndex = 0; path = BinaryCounter.app; sourceTree = BUILT_PRODUCTS_DIR; };
		506AEF961F16988B00693986 /* AppDelegate.swift */ = {isa = PBXFileReference; lastKnownFileType = sourcecode.swift; path = AppDelegate.swift; sourceTree = "<group>"; };
		506AEF981F16988B00693986 /* ViewController.swift */ = {isa = PBXFileReference; lastKnownFileType = sourcecode.swift; path = ViewController.swift; sourceTree = "<group>"; };
		506AEF9B1F16988B00693986 /* Base */ = {isa = PBXFileReference; lastKnownFileType = file.storyboard; name = Base; path = Base.lproj/Main.storyboard; sourceTree = "<group>"; };
		506AEF9D1F16988B00693986 /* Assets.xcassets */ = {isa = PBXFileReference; lastKnownFileType = folder.assetcatalog; path = Assets.xcassets; sourceTree = "<group>"; };
		506AEFA01F16988B00693986 /* Base */ = {isa = PBXFileReference; lastKnownFileType = file.storyboard; name = Base; path = Base.lproj/LaunchScreen.storyboard; sourceTree = "<group>"; };
		506AEFA21F16988B00693986 /* Info.plist */ = {isa = PBXFileReference; lastKnownFileType = text.plist.xml; path = Info.plist; sourceTree = "<group>"; };
		506AEFA71F16988B00693986 /* BinaryCounterTests.xctest */ = {isa = PBXFileReference; explicitFileType = wrapper.cfbundle; includeInIndex = 0; path = BinaryCounterTests.xctest; sourceTree = BUILT_PRODUCTS_DIR; };
		506AEFAB1F16988B00693986 /* BinaryCounterTests.swift */ = {isa = PBXFileReference; lastKnownFileType = sourcecode.swift; path = BinaryCounterTests.swift; sourceTree = "<group>"; };
		506AEFAD1F16988B00693986 /* Info.plist */ = {isa = PBXFileReference; lastKnownFileType = text.plist.xml; path = Info.plist; sourceTree = "<group>"; };
		506AEFB81F16EAC000693986 /* CustomCell.swift */ = {isa = PBXFileReference; fileEncoding = 4; lastKnownFileType = sourcecode.swift; name = CustomCell.swift; path = ../CustomCell.swift; sourceTree = "<group>"; };
/* End PBXFileReference section */

/* Begin PBXFrameworksBuildPhase section */
		506AEF901F16988B00693986 /* Frameworks */ = {
			isa = PBXFrameworksBuildPhase;
			buildActionMask = 2147483647;
			files = (
			);
			runOnlyForDeploymentPostprocessing = 0;
		};
		506AEFA41F16988B00693986 /* Frameworks */ = {
			isa = PBXFrameworksBuildPhase;
			buildActionMask = 2147483647;
			files = (
			);
			runOnlyForDeploymentPostprocessing = 0;
		};
/* End PBXFrameworksBuildPhase section */

/* Begin PBXGroup section */
		506AEF8A1F16988B00693986 = {
			isa = PBXGroup;
			children = (
				506AEF951F16988B00693986 /* BinaryCounter */,
				506AEFAA1F16988B00693986 /* BinaryCounterTests */,
				506AEF941F16988B00693986 /* Products */,
			);
			sourceTree = "<group>";
		};
		506AEF941F16988B00693986 /* Products */ = {
			isa = PBXGroup;
			children = (
				506AEF931F16988B00693986 /* BinaryCounter.app */,
				506AEFA71F16988B00693986 /* BinaryCounterTests.xctest */,
			);
			name = Products;
			sourceTree = "<group>";
		};
		506AEF951F16988B00693986 /* BinaryCounter */ = {
			isa = PBXGroup;
			children = (
				506AEFB81F16EAC000693986 /* CustomCell.swift */,
				506AEF961F16988B00693986 /* AppDelegate.swift */,
				506AEF981F16988B00693986 /* ViewController.swift */,
				506AEF9A1F16988B00693986 /* Main.storyboard */,
				506AEF9D1F16988B00693986 /* Assets.xcassets */,
				506AEF9F1F16988B00693986 /* LaunchScreen.storyboard */,
				506AEFA21F16988B00693986 /* Info.plist */,
			);
			path = BinaryCounter;
			sourceTree = "<group>";
		};
		506AEFAA1F16988B00693986 /* BinaryCounterTests */ = {
			isa = PBXGroup;
			children = (
				506AEFAB1F16988B00693986 /* BinaryCounterTests.swift */,
				506AEFAD1F16988B00693986 /* Info.plist */,
			);
			path = BinaryCounterTests;
			sourceTree = "<group>";
		};
/* End PBXGroup section */

/* Begin PBXNativeTarget section */
		506AEF921F16988B00693986 /* BinaryCounter */ = {
			isa = PBXNativeTarget;
			buildConfigurationList = 506AEFB01F16988B00693986 /* Build configuration list for PBXNativeTarget "BinaryCounter" */;
			buildPhases = (
				506AEF8F1F16988B00693986 /* Sources */,
				506AEF901F16988B00693986 /* Frameworks */,
				506AEF911F16988B00693986 /* Resources */,
			);
			buildRules = (
			);
			dependencies = (
			);
			name = BinaryCounter;
			productName = BinaryCounter;
			productReference = 506AEF931F16988B00693986 /* BinaryCounter.app */;
			productType = "com.apple.product-type.application";
		};
		506AEFA61F16988B00693986 /* BinaryCounterTests */ = {
			isa = PBXNativeTarget;
			buildConfigurationList = 506AEFB31F16988B00693986 /* Build configuration list for PBXNativeTarget "BinaryCounterTests" */;
			buildPhases = (
				506AEFA31F16988B00693986 /* Sources */,
				506AEFA41F16988B00693986 /* Frameworks */,
				506AEFA51F16988B00693986 /* Resources */,
			);
			buildRules = (
			);
			dependencies = (
				506AEFA91F16988B00693986 /* PBXTargetDependency */,
			);
			name = BinaryCounterTests;
			productName = BinaryCounterTests;
			productReference = 506AEFA71F16988B00693986 /* BinaryCounterTests.xctest */;
			productType = "com.apple.product-type.bundle.unit-test";
		};
/* End PBXNativeTarget section */

/* Begin PBXProject section */
		506AEF8B1F16988B00693986 /* Project object */ = {
			isa = PBXProject;
			attributes = {
				LastSwiftUpdateCheck = 0830;
				LastUpgradeCheck = 0830;
				ORGANIZATIONNAME = "MJ Norona";
				TargetAttributes = {
					506AEF921F16988B00693986 = {
						CreatedOnToolsVersion = 8.3.3;
						DevelopmentTeam = K942986D66;
						ProvisioningStyle = Automatic;
					};
					506AEFA61F16988B00693986 = {
						CreatedOnToolsVersion = 8.3.3;
						DevelopmentTeam = K942986D66;
						ProvisioningStyle = Automatic;
						TestTargetID = 506AEF921F16988B00693986;
					};
				};
			};
			buildConfigurationList = 506AEF8E1F16988B00693986 /* Build configuration list for PBXProject "BinaryCounter" */;
			compatibilityVersion = "Xcode 3.2";
			developmentRegion = English;
			hasScannedForEncodings = 0;
			knownRegions = (
				en,
				Base,
			);
			mainGroup = 506AEF8A1F16988B00693986;
			productRefGroup = 506AEF941F16988B00693986 /* Products */;
			projectDirPath = "";
			projectRoot = "";
			targets = (
				506AEF921F16988B00693986 /* BinaryCounter */,
				506AEFA61F16988B00693986 /* BinaryCounterTests */,
			);
		};
/* End PBXProject section */

/* Begin PBXResourcesBuildPhase section */
		506AEF911F16988B00693986 /* Resources */ = {
			isa = PBXResourcesBuildPhase;
			buildActionMask = 2147483647;
			files = (
				506AEFA11F16988B00693986 /* LaunchScreen.storyboard in Resources */,
				506AEF9E1F16988B00693986 /* Assets.xcassets in Resources */,
				506AEF9C1F16988B00693986 /* Main.storyboard in Resources */,
			);
			runOnlyForDeploymentPostprocessing = 0;
		};
		506AEFA51F16988B00693986 /* Resources */ = {
			isa = PBXResourcesBuildPhase;
			buildActionMask = 2147483647;
			files = (
			);
			runOnlyForDeploymentPostprocessing = 0;
		};
/* End PBXResourcesBuildPhase section */

/* Begin PBXSourcesBuildPhase section */
		506AEF8F1F16988B00693986 /* Sources */ = {
			isa = PBXSourcesBuildPhase;
			buildActionMask = 2147483647;
			files = (
				506AEF991F16988B00693986 /* ViewController.swift in Sources */,
				506AEFB91F16EAC000693986 /* CustomCell.swift in Sources */,
				506AEF971F16988B00693986 /* AppDelegate.swift in Sources */,
			);
			runOnlyForDeploymentPostprocessing = 0;
		};
		506AEFA31F16988B00693986 /* Sources */ = {
			isa = PBXSourcesBuildPhase;
			buildActionMask = 2147483647;
			files = (
				506AEFAC1F16988B00693986 /* BinaryCounterTests.swift in Sources */,
			);
			runOnlyForDeploymentPostprocessing = 0;
		};
/* End PBXSourcesBuildPhase section */

/* Begin PBXTargetDependency section */
		506AEFA91F16988B00693986 /* PBXTargetDependency */ = {
			isa = PBXTargetDependency;
			target = 506AEF921F16988B00693986 /* BinaryCounter */;
			targetProxy = 506AEFA81F16988B00693986 /* PBXContainerItemProxy */;
		};
/* End PBXTargetDependency section */

/* Begin PBXVariantGroup section */
		506AEF9A1F16988B00693986 /* Main.storyboard */ = {
			isa = PBXVariantGroup;
			children = (
				506AEF9B1F16988B00693986 /* Base */,
			);
			name = Main.storyboard;
			sourceTree = "<group>";
		};
		506AEF9F1F16988B00693986 /* LaunchScreen.storyboard */ = {
			isa = PBXVariantGroup;
			children = (
				506AEFA01F16988B00693986 /* Base */,
			);
			name = LaunchScreen.storyboard;
			sourceTree = "<group>";
		};
/* End PBXVariantGroup section */

/* Begin XCBuildConfiguration section */
		506AEFAE1F16988B00693986 /* Debug */ = {
			isa = XCBuildConfiguration;
			buildSettings = {
				ALWAYS_SEARCH_USER_PATHS = NO;
				CLANG_ANALYZER_NONNULL = YES;
				CLANG_ANALYZER_NUMBER_OBJECT_CONVERSION = YES_AGGRESSIVE;
				CLANG_CXX_LANGUAGE_STANDARD = "gnu++0x";
				CLANG_CXX_LIBRARY = "libc++";
				CLANG_ENABLE_MODULES = YES;
				CLANG_ENABLE_OBJC_ARC = YES;
				CLANG_WARN_BOOL_CONVERSION = YES;
				CLANG_WARN_CONSTANT_CONVERSION = YES;
				CLANG_WARN_DIRECT_OBJC_ISA_USAGE = YES_ERROR;
				CLANG_WARN_DOCUMENTATION_COMMENTS = YES;
				CLANG_WARN_EMPTY_BODY = YES;
				CLANG_WARN_ENUM_CONVERSION = YES;
				CLANG_WARN_INFINITE_RECURSION = YES;
				CLANG_WARN_INT_CONVERSION = YES;
				CLANG_WARN_OBJC_ROOT_CLASS = YES_ERROR;
				CLANG_WARN_SUSPICIOUS_MOVE = YES;
				CLANG_WARN_UNREACHABLE_CODE = YES;
				CLANG_WARN__DUPLICATE_METHOD_MATCH = YES;
				"CODE_SIGN_IDENTITY[sdk=iphoneos*]" = "iPhone Developer";
				COPY_PHASE_STRIP = NO;
				DEBUG_INFORMATION_FORMAT = dwarf;
				ENABLE_STRICT_OBJC_MSGSEND = YES;
				ENABLE_TESTABILITY = YES;
				GCC_C_LANGUAGE_STANDARD = gnu99;
				GCC_DYNAMIC_NO_PIC = NO;
				GCC_NO_COMMON_BLOCKS = YES;
				GCC_OPTIMIZATION_LEVEL = 0;
				GCC_PREPROCESSOR_DEFINITIONS = (
					"DEBUG=1",
					"$(inherited)",
				);
				GCC_WARN_64_TO_32_BIT_CONVERSION = YES;
				GCC_WARN_ABOUT_RETURN_TYPE = YES_ERROR;
				GCC_WARN_UNDECLARED_SELECTOR = YES;
				GCC_WARN_UNINITIALIZED_AUTOS = YES_AGGRESSIVE;
				GCC_WARN_UNUSED_FUNCTION = YES;
				GCC_WARN_UNUSED_VARIABLE = YES;
				IPHONEOS_DEPLOYMENT_TARGET = 10.3;
				MTL_ENABLE_DEBUG_INFO = YES;
				ONLY_ACTIVE_ARCH = YES;
				SDKROOT = iphoneos;
				SWIFT_ACTIVE_COMPILATION_CONDITIONS = DEBUG;
				SWIFT_OPTIMIZATION_LEVEL = "-Onone";
				TARGETED_DEVICE_FAMILY = "1,2";
			};
			name = Debug;
		};
		506AEFAF1F16988B00693986 /* Release */ = {
			isa = XCBuildConfiguration;
			buildSettings = {
				ALWAYS_SEARCH_USER_PATHS = NO;
				CLANG_ANALYZER_NONNULL = YES;
				CLANG_ANALYZER_NUMBER_OBJECT_CONVERSION = YES_AGGRESSIVE;
				CLANG_CXX_LANGUAGE_STANDARD = "gnu++0x";
				CLANG_CXX_LIBRARY = "libc++";
				CLANG_ENABLE_MODULES = YES;
				CLANG_ENABLE_OBJC_ARC = YES;
				CLANG_WARN_BOOL_CONVERSION = YES;
				CLANG_WARN_CONSTANT_CONVERSION = YES;
				CLANG_WARN_DIRECT_OBJC_ISA_USAGE = YES_ERROR;
				CLANG_WARN_DOCUMENTATION_COMMENTS = YES;
				CLANG_WARN_EMPTY_BODY = YES;
				CLANG_WARN_ENUM_CONVERSION = YES;
				CLANG_WARN_INFINITE_RECURSION = YES;
				CLANG_WARN_INT_CONVERSION = YES;
				CLANG_WARN_OBJC_ROOT_CLASS = YES_ERROR;
				CLANG_WARN_SUSPICIOUS_MOVE = YES;
				CLANG_WARN_UNREACHABLE_CODE = YES;
				CLANG_WARN__DUPLICATE_METHOD_MATCH = YES;
				"CODE_SIGN_IDENTITY[sdk=iphoneos*]" = "iPhone Developer";
				COPY_PHASE_STRIP = NO;
				DEBUG_INFORMATION_FORMAT = "dwarf-with-dsym";
				ENABLE_NS_ASSERTIONS = NO;
				ENABLE_STRICT_OBJC_MSGSEND = YES;
				GCC_C_LANGUAGE_STANDARD = gnu99;
				GCC_NO_COMMON_BLOCKS = YES;
				GCC_WARN_64_TO_32_BIT_CONVERSION = YES;
				GCC_WARN_ABOUT_RETURN_TYPE = YES_ERROR;
				GCC_WARN_UNDECLARED_SELECTOR = YES;
				GCC_WARN_UNINITIALIZED_AUTOS = YES_AGGRESSIVE;
				GCC_WARN_UNUSED_FUNCTION = YES;
				GCC_WARN_UNUSED_VARIABLE = YES;
				IPHONEOS_DEPLOYMENT_TARGET = 10.3;
				MTL_ENABLE_DEBUG_INFO = NO;
				SDKROOT = iphoneos;
				SWIFT_OPTIMIZATION_LEVEL = "-Owholemodule";
				TARGETED_DEVICE_FAMILY = "1,2";
				VALIDATE_PRODUCT = YES;
			};
			name = Release;
		};
		506AEFB11F16988B00693986 /* Debug */ = {
			isa = XCBuildConfiguration;
			buildSettings = {
				ASSETCATALOG_COMPILER_APPICON_NAME = AppIcon;
				DEVELOPMENT_TEAM = K942986D66;
				INFOPLIST_FILE = BinaryCounter/Info.plist;
				LD_RUNPATH_SEARCH_PATHS = "$(inherited) @executable_path/Frameworks";
				PRODUCT_BUNDLE_IDENTIFIER = com.example.BinaryCounter;
				PRODUCT_NAME = "$(TARGET_NAME)";
				SWIFT_VERSION = 3.0;
			};
			name = Debug;
		};
		506AEFB21F16988B00693986 /* Release */ = {
			isa = XCBuildConfiguration;
			buildSettings = {
				ASSETCATALOG_COMPILER_APPICON_NAME = AppIcon;
				DEVELOPMENT_TEAM = K942986D66;
				INFOPLIST_FILE = BinaryCounter/Info.plist;
				LD_RUNPATH_SEARCH_PATHS = "$(inherited) @executable_path/Frameworks";
				PRODUCT_BUNDLE_IDENTIFIER = com.example.BinaryCounter;
				PRODUCT_NAME = "$(TARGET_NAME)";
				SWIFT_VERSION = 3.0;
			};
			name = Release;
		};
		506AEFB41F16988B00693986 /* Debug */ = {
			isa = XCBuildConfiguration;
			buildSettings = {
				ALWAYS_EMBED_SWIFT_STANDARD_LIBRARIES = YES;
				BUNDLE_LOADER = "$(TEST_HOST)";
				DEVELOPMENT_TEAM = K942986D66;
				INFOPLIST_FILE = BinaryCounterTests/Info.plist;
				LD_RUNPATH_SEARCH_PATHS = "$(inherited) @executable_path/Frameworks @loader_path/Frameworks";
				PRODUCT_BUNDLE_IDENTIFIER = com.example.BinaryCounterTests;
				PRODUCT_NAME = "$(TARGET_NAME)";
				SWIFT_VERSION = 3.0;
				TEST_HOST = "$(BUILT_PRODUCTS_DIR)/BinaryCounter.app/BinaryCounter";
			};
			name = Debug;
		};
		506AEFB51F16988B00693986 /* Release */ = {
			isa = XCBuildConfiguration;
			buildSettings = {
				ALWAYS_EMBED_SWIFT_STANDARD_LIBRARIES = YES;
				BUNDLE_LOADER = "$(TEST_HOST)";
				DEVELOPMENT_TEAM = K942986D66;
				INFOPLIST_FILE = BinaryCounterTests/Info.plist;
				LD_RUNPATH_SEARCH_PATHS = "$(inherited) @executable_path/Frameworks @loader_path/Frameworks";
				PRODUCT_BUNDLE_IDENTIFIER = com.example.BinaryCounterTests;
				PRODUCT_NAME = "$(TARGET_NAME)";
				SWIFT_VERSION = 3.0;
				TEST_HOST = "$(BUILT_PRODUCTS_DIR)/BinaryCounter.app/BinaryCounter";
			};
			name = Release;
		};
/* End XCBuildConfiguration section */

/* Begin XCConfigurationList section */
		506AEF8E1F16988B00693986 /* Build configuration list for PBXProject "BinaryCounter" */ = {
			isa = XCConfigurationList;
			buildConfigurations = (
				506AEFAE1F16988B00693986 /* Debug */,
				506AEFAF1F16988B00693986 /* Release */,
			);
			defaultConfigurationIsVisible = 0;
			defaultConfigurationName = Release;
		};
		506AEFB01F16988B00693986 /* Build configuration list for PBXNativeTarget "BinaryCounter" */ = {
			isa = XCConfigurationList;
			buildConfigurations = (
				506AEFB11F16988B00693986 /* Debug */,
				506AEFB21F16988B00693986 /* Release */,
			);
			defaultConfigurationIsVisible = 0;
			defaultConfigurationName = Release;
		};
		506AEFB31F16988B00693986 /* Build configuration list for PBXNativeTarget "BinaryCounterTests" */ = {
			isa = XCConfigurationList;
			buildConfigurations = (
				506AEFB41F16988B00693986 /* Debug */,
				506AEFB51F16988B00693986 /* Release */,
			);
			defaultConfigurationIsVisible = 0;
			defaultConfigurationName = Release;
		};
/* End XCConfigurationList section */
	};
	rootObject = 506AEF8B1F16988B00693986 /* Project object */;
}
