// !$*UTF8*$!
{
	archiveVersion = 1;
	classes = {
	};
	objectVersion = 46;
	objects = {

/* Begin PBXBuildFile section */
		506AEF0A1F154E5700693986 /* AppDelegate.swift in Sources */ = {isa = PBXBuildFile; fileRef = 506AEF091F154E5700693986 /* AppDelegate.swift */; };
		506AEF0C1F154E5700693986 /* ViewController.swift in Sources */ = {isa = PBXBuildFile; fileRef = 506AEF0B1F154E5700693986 /* ViewController.swift */; };
		506AEF0F1F154E5700693986 /* Main.storyboard in Resources */ = {isa = PBXBuildFile; fileRef = 506AEF0D1F154E5700693986 /* Main.storyboard */; };
		506AEF111F154E5700693986 /* Assets.xcassets in Resources */ = {isa = PBXBuildFile; fileRef = 506AEF101F154E5700693986 /* Assets.xcassets */; };
		506AEF141F154E5700693986 /* LaunchScreen.storyboard in Resources */ = {isa = PBXBuildFile; fileRef = 506AEF121F154E5700693986 /* LaunchScreen.storyboard */; };
		506AEF1F1F154E5700693986 /* NorthSouthEastWestTests.swift in Sources */ = {isa = PBXBuildFile; fileRef = 506AEF1E1F154E5700693986 /* NorthSouthEastWestTests.swift */; };
		506AEF2A1F15541900693986 /* DirectionViewController.swift in Sources */ = {isa = PBXBuildFile; fileRef = 506AEF291F15541900693986 /* DirectionViewController.swift */; };
/* End PBXBuildFile section */

/* Begin PBXContainerItemProxy section */
		506AEF1B1F154E5700693986 /* PBXContainerItemProxy */ = {
			isa = PBXContainerItemProxy;
			containerPortal = 506AEEFE1F154E5700693986 /* Project object */;
			proxyType = 1;
			remoteGlobalIDString = 506AEF051F154E5700693986;
			remoteInfo = NorthSouthEastWest;
		};
/* End PBXContainerItemProxy section */

/* Begin PBXFileReference section */
		506AEF061F154E5700693986 /* NorthSouthEastWest.app */ = {isa = PBXFileReference; explicitFileType = wrapper.application; includeInIndex = 0; path = NorthSouthEastWest.app; sourceTree = BUILT_PRODUCTS_DIR; };
		506AEF091F154E5700693986 /* AppDelegate.swift */ = {isa = PBXFileReference; lastKnownFileType = sourcecode.swift; path = AppDelegate.swift; sourceTree = "<group>"; };
		506AEF0B1F154E5700693986 /* ViewController.swift */ = {isa = PBXFileReference; lastKnownFileType = sourcecode.swift; path = ViewController.swift; sourceTree = "<group>"; };
		506AEF0E1F154E5700693986 /* Base */ = {isa = PBXFileReference; lastKnownFileType = file.storyboard; name = Base; path = Base.lproj/Main.storyboard; sourceTree = "<group>"; };
		506AEF101F154E5700693986 /* Assets.xcassets */ = {isa = PBXFileReference; lastKnownFileType = folder.assetcatalog; path = Assets.xcassets; sourceTree = "<group>"; };
		506AEF131F154E5700693986 /* Base */ = {isa = PBXFileReference; lastKnownFileType = file.storyboard; name = Base; path = Base.lproj/LaunchScreen.storyboard; sourceTree = "<group>"; };
		506AEF151F154E5700693986 /* Info.plist */ = {isa = PBXFileReference; lastKnownFileType = text.plist.xml; path = Info.plist; sourceTree = "<group>"; };
		506AEF1A1F154E5700693986 /* NorthSouthEastWestTests.xctest */ = {isa = PBXFileReference; explicitFileType = wrapper.cfbundle; includeInIndex = 0; path = NorthSouthEastWestTests.xctest; sourceTree = BUILT_PRODUCTS_DIR; };
		506AEF1E1F154E5700693986 /* NorthSouthEastWestTests.swift */ = {isa = PBXFileReference; lastKnownFileType = sourcecode.swift; path = NorthSouthEastWestTests.swift; sourceTree = "<group>"; };
		506AEF201F154E5700693986 /* Info.plist */ = {isa = PBXFileReference; lastKnownFileType = text.plist.xml; path = Info.plist; sourceTree = "<group>"; };
		506AEF291F15541900693986 /* DirectionViewController.swift */ = {isa = PBXFileReference; fileEncoding = 4; lastKnownFileType = sourcecode.swift; path = DirectionViewController.swift; sourceTree = "<group>"; };
/* End PBXFileReference section */

/* Begin PBXFrameworksBuildPhase section */
		506AEF031F154E5700693986 /* Frameworks */ = {
			isa = PBXFrameworksBuildPhase;
			buildActionMask = 2147483647;
			files = (
			);
			runOnlyForDeploymentPostprocessing = 0;
		};
		506AEF171F154E5700693986 /* Frameworks */ = {
			isa = PBXFrameworksBuildPhase;
			buildActionMask = 2147483647;
			files = (
			);
			runOnlyForDeploymentPostprocessing = 0;
		};
/* End PBXFrameworksBuildPhase section */

/* Begin PBXGroup section */
		506AEEFD1F154E5700693986 = {
			isa = PBXGroup;
			children = (
				506AEF081F154E5700693986 /* NorthSouthEastWest */,
				506AEF1D1F154E5700693986 /* NorthSouthEastWestTests */,
				506AEF071F154E5700693986 /* Products */,
			);
			sourceTree = "<group>";
		};
		506AEF071F154E5700693986 /* Products */ = {
			isa = PBXGroup;
			children = (
				506AEF061F154E5700693986 /* NorthSouthEastWest.app */,
				506AEF1A1F154E5700693986 /* NorthSouthEastWestTests.xctest */,
			);
			name = Products;
			sourceTree = "<group>";
		};
		506AEF081F154E5700693986 /* NorthSouthEastWest */ = {
			isa = PBXGroup;
			children = (
				506AEF091F154E5700693986 /* AppDelegate.swift */,
				506AEF0B1F154E5700693986 /* ViewController.swift */,
				506AEF0D1F154E5700693986 /* Main.storyboard */,
				506AEF291F15541900693986 /* DirectionViewController.swift */,
				506AEF101F154E5700693986 /* Assets.xcassets */,
				506AEF121F154E5700693986 /* LaunchScreen.storyboard */,
				506AEF151F154E5700693986 /* Info.plist */,
			);
			path = NorthSouthEastWest;
			sourceTree = "<group>";
		};
		506AEF1D1F154E5700693986 /* NorthSouthEastWestTests */ = {
			isa = PBXGroup;
			children = (
				506AEF1E1F154E5700693986 /* NorthSouthEastWestTests.swift */,
				506AEF201F154E5700693986 /* Info.plist */,
			);
			path = NorthSouthEastWestTests;
			sourceTree = "<group>";
		};
/* End PBXGroup section */

/* Begin PBXNativeTarget section */
		506AEF051F154E5700693986 /* NorthSouthEastWest */ = {
			isa = PBXNativeTarget;
			buildConfigurationList = 506AEF231F154E5700693986 /* Build configuration list for PBXNativeTarget "NorthSouthEastWest" */;
			buildPhases = (
				506AEF021F154E5700693986 /* Sources */,
				506AEF031F154E5700693986 /* Frameworks */,
				506AEF041F154E5700693986 /* Resources */,
			);
			buildRules = (
			);
			dependencies = (
			);
			name = NorthSouthEastWest;
			productName = NorthSouthEastWest;
			productReference = 506AEF061F154E5700693986 /* NorthSouthEastWest.app */;
			productType = "com.apple.product-type.application";
		};
		506AEF191F154E5700693986 /* NorthSouthEastWestTests */ = {
			isa = PBXNativeTarget;
			buildConfigurationList = 506AEF261F154E5700693986 /* Build configuration list for PBXNativeTarget "NorthSouthEastWestTests" */;
			buildPhases = (
				506AEF161F154E5700693986 /* Sources */,
				506AEF171F154E5700693986 /* Frameworks */,
				506AEF181F154E5700693986 /* Resources */,
			);
			buildRules = (
			);
			dependencies = (
				506AEF1C1F154E5700693986 /* PBXTargetDependency */,
			);
			name = NorthSouthEastWestTests;
			productName = NorthSouthEastWestTests;
			productReference = 506AEF1A1F154E5700693986 /* NorthSouthEastWestTests.xctest */;
			productType = "com.apple.product-type.bundle.unit-test";
		};
/* End PBXNativeTarget section */

/* Begin PBXProject section */
		506AEEFE1F154E5700693986 /* Project object */ = {
			isa = PBXProject;
			attributes = {
				LastSwiftUpdateCheck = 0830;
				LastUpgradeCheck = 0830;
				ORGANIZATIONNAME = "MJ Norona";
				TargetAttributes = {
					506AEF051F154E5700693986 = {
						CreatedOnToolsVersion = 8.3.3;
						DevelopmentTeam = K942986D66;
						ProvisioningStyle = Automatic;
					};
					506AEF191F154E5700693986 = {
						CreatedOnToolsVersion = 8.3.3;
						DevelopmentTeam = K942986D66;
						ProvisioningStyle = Automatic;
						TestTargetID = 506AEF051F154E5700693986;
					};
				};
			};
			buildConfigurationList = 506AEF011F154E5700693986 /* Build configuration list for PBXProject "NorthSouthEastWest" */;
			compatibilityVersion = "Xcode 3.2";
			developmentRegion = English;
			hasScannedForEncodings = 0;
			knownRegions = (
				en,
				Base,
			);
			mainGroup = 506AEEFD1F154E5700693986;
			productRefGroup = 506AEF071F154E5700693986 /* Products */;
			projectDirPath = "";
			projectRoot = "";
			targets = (
				506AEF051F154E5700693986 /* NorthSouthEastWest */,
				506AEF191F154E5700693986 /* NorthSouthEastWestTests */,
			);
		};
/* End PBXProject section */

/* Begin PBXResourcesBuildPhase section */
		506AEF041F154E5700693986 /* Resources */ = {
			isa = PBXResourcesBuildPhase;
			buildActionMask = 2147483647;
			files = (
				506AEF141F154E5700693986 /* LaunchScreen.storyboard in Resources */,
				506AEF111F154E5700693986 /* Assets.xcassets in Resources */,
				506AEF0F1F154E5700693986 /* Main.storyboard in Resources */,
			);
			runOnlyForDeploymentPostprocessing = 0;
		};
		506AEF181F154E5700693986 /* Resources */ = {
			isa = PBXResourcesBuildPhase;
			buildActionMask = 2147483647;
			files = (
			);
			runOnlyForDeploymentPostprocessing = 0;
		};
/* End PBXResourcesBuildPhase section */

/* Begin PBXSourcesBuildPhase section */
		506AEF021F154E5700693986 /* Sources */ = {
			isa = PBXSourcesBuildPhase;
			buildActionMask = 2147483647;
			files = (
				506AEF0C1F154E5700693986 /* ViewController.swift in Sources */,
				506AEF0A1F154E5700693986 /* AppDelegate.swift in Sources */,
				506AEF2A1F15541900693986 /* DirectionViewController.swift in Sources */,
			);
			runOnlyForDeploymentPostprocessing = 0;
		};
		506AEF161F154E5700693986 /* Sources */ = {
			isa = PBXSourcesBuildPhase;
			buildActionMask = 2147483647;
			files = (
				506AEF1F1F154E5700693986 /* NorthSouthEastWestTests.swift in Sources */,
			);
			runOnlyForDeploymentPostprocessing = 0;
		};
/* End PBXSourcesBuildPhase section */

/* Begin PBXTargetDependency section */
		506AEF1C1F154E5700693986 /* PBXTargetDependency */ = {
			isa = PBXTargetDependency;
			target = 506AEF051F154E5700693986 /* NorthSouthEastWest */;
			targetProxy = 506AEF1B1F154E5700693986 /* PBXContainerItemProxy */;
		};
/* End PBXTargetDependency section */

/* Begin PBXVariantGroup section */
		506AEF0D1F154E5700693986 /* Main.storyboard */ = {
			isa = PBXVariantGroup;
			children = (
				506AEF0E1F154E5700693986 /* Base */,
			);
			name = Main.storyboard;
			sourceTree = "<group>";
		};
		506AEF121F154E5700693986 /* LaunchScreen.storyboard */ = {
			isa = PBXVariantGroup;
			children = (
				506AEF131F154E5700693986 /* Base */,
			);
			name = LaunchScreen.storyboard;
			sourceTree = "<group>";
		};
/* End PBXVariantGroup section */

/* Begin XCBuildConfiguration section */
		506AEF211F154E5700693986 /* Debug */ = {
			isa = XCBuildConfiguration;
			buildSettings = {
				ALWAYS_SEARCH_USER_PATHS = NO;
				CLANG_ANALYZER_NONNULL = YES;
				CLANG_ANALYZER_NUMBER_OBJECT_CONVERSION = YES_AGGRESSIVE;
				CLANG_CXX_LANGUAGE_STANDARD = "gnu++0x";
				CLANG_CXX_LIBRARY = "libc++";
				CLANG_ENABLE_MODULES = YES;
				CLANG_ENABLE_OBJC_ARC = YES;
				CLANG_WARN_BOOL_CONVERSION = YES;
				CLANG_WARN_CONSTANT_CONVERSION = YES;
				CLANG_WARN_DIRECT_OBJC_ISA_USAGE = YES_ERROR;
				CLANG_WARN_DOCUMENTATION_COMMENTS = YES;
				CLANG_WARN_EMPTY_BODY = YES;
				CLANG_WARN_ENUM_CONVERSION = YES;
				CLANG_WARN_INFINITE_RECURSION = YES;
				CLANG_WARN_INT_CONVERSION = YES;
				CLANG_WARN_OBJC_ROOT_CLASS = YES_ERROR;
				CLANG_WARN_SUSPICIOUS_MOVE = YES;
				CLANG_WARN_UNREACHABLE_CODE = YES;
				CLANG_WARN__DUPLICATE_METHOD_MATCH = YES;
				"CODE_SIGN_IDENTITY[sdk=iphoneos*]" = "iPhone Developer";
				COPY_PHASE_STRIP = NO;
				DEBUG_INFORMATION_FORMAT = dwarf;
				ENABLE_STRICT_OBJC_MSGSEND = YES;
				ENABLE_TESTABILITY = YES;
				GCC_C_LANGUAGE_STANDARD = gnu99;
				GCC_DYNAMIC_NO_PIC = NO;
				GCC_NO_COMMON_BLOCKS = YES;
				GCC_OPTIMIZATION_LEVEL = 0;
				GCC_PREPROCESSOR_DEFINITIONS = (
					"DEBUG=1",
					"$(inherited)",
				);
				GCC_WARN_64_TO_32_BIT_CONVERSION = YES;
				GCC_WARN_ABOUT_RETURN_TYPE = YES_ERROR;
				GCC_WARN_UNDECLARED_SELECTOR = YES;
				GCC_WARN_UNINITIALIZED_AUTOS = YES_AGGRESSIVE;
				GCC_WARN_UNUSED_FUNCTION = YES;
				GCC_WARN_UNUSED_VARIABLE = YES;
				IPHONEOS_DEPLOYMENT_TARGET = 10.3;
				MTL_ENABLE_DEBUG_INFO = YES;
				ONLY_ACTIVE_ARCH = YES;
				SDKROOT = iphoneos;
				SWIFT_ACTIVE_COMPILATION_CONDITIONS = DEBUG;
				SWIFT_OPTIMIZATION_LEVEL = "-Onone";
				TARGETED_DEVICE_FAMILY = "1,2";
			};
			name = Debug;
		};
		506AEF221F154E5700693986 /* Release */ = {
			isa = XCBuildConfiguration;
			buildSettings = {
				ALWAYS_SEARCH_USER_PATHS = NO;
				CLANG_ANALYZER_NONNULL = YES;
				CLANG_ANALYZER_NUMBER_OBJECT_CONVERSION = YES_AGGRESSIVE;
				CLANG_CXX_LANGUAGE_STANDARD = "gnu++0x";
				CLANG_CXX_LIBRARY = "libc++";
				CLANG_ENABLE_MODULES = YES;
				CLANG_ENABLE_OBJC_ARC = YES;
				CLANG_WARN_BOOL_CONVERSION = YES;
				CLANG_WARN_CONSTANT_CONVERSION = YES;
				CLANG_WARN_DIRECT_OBJC_ISA_USAGE = YES_ERROR;
				CLANG_WARN_DOCUMENTATION_COMMENTS = YES;
				CLANG_WARN_EMPTY_BODY = YES;
				CLANG_WARN_ENUM_CONVERSION = YES;
				CLANG_WARN_INFINITE_RECURSION = YES;
				CLANG_WARN_INT_CONVERSION = YES;
				CLANG_WARN_OBJC_ROOT_CLASS = YES_ERROR;
				CLANG_WARN_SUSPICIOUS_MOVE = YES;
				CLANG_WARN_UNREACHABLE_CODE = YES;
				CLANG_WARN__DUPLICATE_METHOD_MATCH = YES;
				"CODE_SIGN_IDENTITY[sdk=iphoneos*]" = "iPhone Developer";
				COPY_PHASE_STRIP = NO;
				DEBUG_INFORMATION_FORMAT = "dwarf-with-dsym";
				ENABLE_NS_ASSERTIONS = NO;
				ENABLE_STRICT_OBJC_MSGSEND = YES;
				GCC_C_LANGUAGE_STANDARD = gnu99;
				GCC_NO_COMMON_BLOCKS = YES;
				GCC_WARN_64_TO_32_BIT_CONVERSION = YES;
				GCC_WARN_ABOUT_RETURN_TYPE = YES_ERROR;
				GCC_WARN_UNDECLARED_SELECTOR = YES;
				GCC_WARN_UNINITIALIZED_AUTOS = YES_AGGRESSIVE;
				GCC_WARN_UNUSED_FUNCTION = YES;
				GCC_WARN_UNUSED_VARIABLE = YES;
				IPHONEOS_DEPLOYMENT_TARGET = 10.3;
				MTL_ENABLE_DEBUG_INFO = NO;
				SDKROOT = iphoneos;
				SWIFT_OPTIMIZATION_LEVEL = "-Owholemodule";
				TARGETED_DEVICE_FAMILY = "1,2";
				VALIDATE_PRODUCT = YES;
			};
			name = Release;
		};
		506AEF241F154E5700693986 /* Debug */ = {
			isa = XCBuildConfiguration;
			buildSettings = {
				ASSETCATALOG_COMPILER_APPICON_NAME = AppIcon;
				DEVELOPMENT_TEAM = K942986D66;
				INFOPLIST_FILE = NorthSouthEastWest/Info.plist;
				LD_RUNPATH_SEARCH_PATHS = "$(inherited) @executable_path/Frameworks";
				PRODUCT_BUNDLE_IDENTIFIER = com.example.NorthSouthEastWest;
				PRODUCT_NAME = "$(TARGET_NAME)";
				SWIFT_VERSION = 3.0;
			};
			name = Debug;
		};
		506AEF251F154E5700693986 /* Release */ = {
			isa = XCBuildConfiguration;
			buildSettings = {
				ASSETCATALOG_COMPILER_APPICON_NAME = AppIcon;
				DEVELOPMENT_TEAM = K942986D66;
				INFOPLIST_FILE = NorthSouthEastWest/Info.plist;
				LD_RUNPATH_SEARCH_PATHS = "$(inherited) @executable_path/Frameworks";
				PRODUCT_BUNDLE_IDENTIFIER = com.example.NorthSouthEastWest;
				PRODUCT_NAME = "$(TARGET_NAME)";
				SWIFT_VERSION = 3.0;
			};
			name = Release;
		};
		506AEF271F154E5700693986 /* Debug */ = {
			isa = XCBuildConfiguration;
			buildSettings = {
				ALWAYS_EMBED_SWIFT_STANDARD_LIBRARIES = YES;
				BUNDLE_LOADER = "$(TEST_HOST)";
				DEVELOPMENT_TEAM = K942986D66;
				INFOPLIST_FILE = NorthSouthEastWestTests/Info.plist;
				LD_RUNPATH_SEARCH_PATHS = "$(inherited) @executable_path/Frameworks @loader_path/Frameworks";
				PRODUCT_BUNDLE_IDENTIFIER = com.example.NorthSouthEastWestTests;
				PRODUCT_NAME = "$(TARGET_NAME)";
				SWIFT_VERSION = 3.0;
				TEST_HOST = "$(BUILT_PRODUCTS_DIR)/NorthSouthEastWest.app/NorthSouthEastWest";
			};
			name = Debug;
		};
		506AEF281F154E5700693986 /* Release */ = {
			isa = XCBuildConfiguration;
			buildSettings = {
				ALWAYS_EMBED_SWIFT_STANDARD_LIBRARIES = YES;
				BUNDLE_LOADER = "$(TEST_HOST)";
				DEVELOPMENT_TEAM = K942986D66;
				INFOPLIST_FILE = NorthSouthEastWestTests/Info.plist;
				LD_RUNPATH_SEARCH_PATHS = "$(inherited) @executable_path/Frameworks @loader_path/Frameworks";
				PRODUCT_BUNDLE_IDENTIFIER = com.example.NorthSouthEastWestTests;
				PRODUCT_NAME = "$(TARGET_NAME)";
				SWIFT_VERSION = 3.0;
				TEST_HOST = "$(BUILT_PRODUCTS_DIR)/NorthSouthEastWest.app/NorthSouthEastWest";
			};
			name = Release;
		};
/* End XCBuildConfiguration section */

/* Begin XCConfigurationList section */
		506AEF011F154E5700693986 /* Build configuration list for PBXProject "NorthSouthEastWest" */ = {
			isa = XCConfigurationList;
			buildConfigurations = (
				506AEF211F154E5700693986 /* Debug */,
				506AEF221F154E5700693986 /* Release */,
			);
			defaultConfigurationIsVisible = 0;
			defaultConfigurationName = Release;
		};
		506AEF231F154E5700693986 /* Build configuration list for PBXNativeTarget "NorthSouthEastWest" */ = {
			isa = XCConfigurationList;
			buildConfigurations = (
				506AEF241F154E5700693986 /* Debug */,
				506AEF251F154E5700693986 /* Release */,
			);
			defaultConfigurationIsVisible = 0;
		};
		506AEF261F154E5700693986 /* Build configuration list for PBXNativeTarget "NorthSouthEastWestTests" */ = {
			isa = XCConfigurationList;
			buildConfigurations = (
				506AEF271F154E5700693986 /* Debug */,
				506AEF281F154E5700693986 /* Release */,
			);
			defaultConfigurationIsVisible = 0;
		};
/* End XCConfigurationList section */
	};
	rootObject = 506AEEFE1F154E5700693986 /* Project object */;
}
