// !$*UTF8*$!
{
	archiveVersion = 1;
	classes = {
	};
	objectVersion = 46;
	objects = {

/* Begin PBXBuildFile section */
		50BBDB871F1006C500846F3B /* AppDelegate.swift in Sources */ = {isa = PBXBuildFile; fileRef = 50BBDB861F1006C400846F3B /* AppDelegate.swift */; };
		50BBDB891F1006C500846F3B /* ViewController.swift in Sources */ = {isa = PBXBuildFile; fileRef = 50BBDB881F1006C500846F3B /* ViewController.swift */; };
		50BBDB8C1F1006C500846F3B /* Main.storyboard in Resources */ = {isa = PBXBuildFile; fileRef = 50BBDB8A1F1006C500846F3B /* Main.storyboard */; };
		50BBDB8E1F1006C500846F3B /* Assets.xcassets in Resources */ = {isa = PBXBuildFile; fileRef = 50BBDB8D1F1006C500846F3B /* Assets.xcassets */; };
		50BBDB911F1006C500846F3B /* LaunchScreen.storyboard in Resources */ = {isa = PBXBuildFile; fileRef = 50BBDB8F1F1006C500846F3B /* LaunchScreen.storyboard */; };
		50BBDB9C1F1006C500846F3B /* SegueTests.swift in Sources */ = {isa = PBXBuildFile; fileRef = 50BBDB9B1F1006C500846F3B /* SegueTests.swift */; };
		50BBDBA71F10073100846F3B /* OtherViewController.swift in Sources */ = {isa = PBXBuildFile; fileRef = 50BBDBA61F10073100846F3B /* OtherViewController.swift */; };
/* End PBXBuildFile section */

/* Begin PBXContainerItemProxy section */
		50BBDB981F1006C500846F3B /* PBXContainerItemProxy */ = {
			isa = PBXContainerItemProxy;
			containerPortal = 50BBDB7B1F1006C400846F3B /* Project object */;
			proxyType = 1;
			remoteGlobalIDString = 50BBDB821F1006C400846F3B;
			remoteInfo = Segue;
		};
/* End PBXContainerItemProxy section */

/* Begin PBXFileReference section */
		50BBDB831F1006C400846F3B /* Segue.app */ = {isa = PBXFileReference; explicitFileType = wrapper.application; includeInIndex = 0; path = Segue.app; sourceTree = BUILT_PRODUCTS_DIR; };
		50BBDB861F1006C400846F3B /* AppDelegate.swift */ = {isa = PBXFileReference; lastKnownFileType = sourcecode.swift; path = AppDelegate.swift; sourceTree = "<group>"; };
		50BBDB881F1006C500846F3B /* ViewController.swift */ = {isa = PBXFileReference; lastKnownFileType = sourcecode.swift; path = ViewController.swift; sourceTree = "<group>"; };
		50BBDB8B1F1006C500846F3B /* Base */ = {isa = PBXFileReference; lastKnownFileType = file.storyboard; name = Base; path = Base.lproj/Main.storyboard; sourceTree = "<group>"; };
		50BBDB8D1F1006C500846F3B /* Assets.xcassets */ = {isa = PBXFileReference; lastKnownFileType = folder.assetcatalog; path = Assets.xcassets; sourceTree = "<group>"; };
		50BBDB901F1006C500846F3B /* Base */ = {isa = PBXFileReference; lastKnownFileType = file.storyboard; name = Base; path = Base.lproj/LaunchScreen.storyboard; sourceTree = "<group>"; };
		50BBDB921F1006C500846F3B /* Info.plist */ = {isa = PBXFileReference; lastKnownFileType = text.plist.xml; path = Info.plist; sourceTree = "<group>"; };
		50BBDB971F1006C500846F3B /* SegueTests.xctest */ = {isa = PBXFileReference; explicitFileType = wrapper.cfbundle; includeInIndex = 0; path = SegueTests.xctest; sourceTree = BUILT_PRODUCTS_DIR; };
		50BBDB9B1F1006C500846F3B /* SegueTests.swift */ = {isa = PBXFileReference; lastKnownFileType = sourcecode.swift; path = SegueTests.swift; sourceTree = "<group>"; };
		50BBDB9D1F1006C500846F3B /* Info.plist */ = {isa = PBXFileReference; lastKnownFileType = text.plist.xml; path = Info.plist; sourceTree = "<group>"; };
		50BBDBA61F10073100846F3B /* OtherViewController.swift */ = {isa = PBXFileReference; fileEncoding = 4; lastKnownFileType = sourcecode.swift; path = OtherViewController.swift; sourceTree = "<group>"; };
/* End PBXFileReference section */

/* Begin PBXFrameworksBuildPhase section */
		50BBDB801F1006C400846F3B /* Frameworks */ = {
			isa = PBXFrameworksBuildPhase;
			buildActionMask = 2147483647;
			files = (
			);
			runOnlyForDeploymentPostprocessing = 0;
		};
		50BBDB941F1006C500846F3B /* Frameworks */ = {
			isa = PBXFrameworksBuildPhase;
			buildActionMask = 2147483647;
			files = (
			);
			runOnlyForDeploymentPostprocessing = 0;
		};
/* End PBXFrameworksBuildPhase section */

/* Begin PBXGroup section */
		50BBDB7A1F1006C400846F3B = {
			isa = PBXGroup;
			children = (
				50BBDB851F1006C400846F3B /* Segue */,
				50BBDB9A1F1006C500846F3B /* SegueTests */,
				50BBDB841F1006C400846F3B /* Products */,
			);
			sourceTree = "<group>";
		};
		50BBDB841F1006C400846F3B /* Products */ = {
			isa = PBXGroup;
			children = (
				50BBDB831F1006C400846F3B /* Segue.app */,
				50BBDB971F1006C500846F3B /* SegueTests.xctest */,
			);
			name = Products;
			sourceTree = "<group>";
		};
		50BBDB851F1006C400846F3B /* Segue */ = {
			isa = PBXGroup;
			children = (
				50BBDB861F1006C400846F3B /* AppDelegate.swift */,
				50BBDB881F1006C500846F3B /* ViewController.swift */,
				50BBDB8A1F1006C500846F3B /* Main.storyboard */,
				50BBDBA61F10073100846F3B /* OtherViewController.swift */,
				50BBDB8D1F1006C500846F3B /* Assets.xcassets */,
				50BBDB8F1F1006C500846F3B /* LaunchScreen.storyboard */,
				50BBDB921F1006C500846F3B /* Info.plist */,
			);
			path = Segue;
			sourceTree = "<group>";
		};
		50BBDB9A1F1006C500846F3B /* SegueTests */ = {
			isa = PBXGroup;
			children = (
				50BBDB9B1F1006C500846F3B /* SegueTests.swift */,
				50BBDB9D1F1006C500846F3B /* Info.plist */,
			);
			path = SegueTests;
			sourceTree = "<group>";
		};
/* End PBXGroup section */

/* Begin PBXNativeTarget section */
		50BBDB821F1006C400846F3B /* Segue */ = {
			isa = PBXNativeTarget;
			buildConfigurationList = 50BBDBA01F1006C500846F3B /* Build configuration list for PBXNativeTarget "Segue" */;
			buildPhases = (
				50BBDB7F1F1006C400846F3B /* Sources */,
				50BBDB801F1006C400846F3B /* Frameworks */,
				50BBDB811F1006C400846F3B /* Resources */,
			);
			buildRules = (
			);
			dependencies = (
			);
			name = Segue;
			productName = Segue;
			productReference = 50BBDB831F1006C400846F3B /* Segue.app */;
			productType = "com.apple.product-type.application";
		};
		50BBDB961F1006C500846F3B /* SegueTests */ = {
			isa = PBXNativeTarget;
			buildConfigurationList = 50BBDBA31F1006C500846F3B /* Build configuration list for PBXNativeTarget "SegueTests" */;
			buildPhases = (
				50BBDB931F1006C500846F3B /* Sources */,
				50BBDB941F1006C500846F3B /* Frameworks */,
				50BBDB951F1006C500846F3B /* Resources */,
			);
			buildRules = (
			);
			dependencies = (
				50BBDB991F1006C500846F3B /* PBXTargetDependency */,
			);
			name = SegueTests;
			productName = SegueTests;
			productReference = 50BBDB971F1006C500846F3B /* SegueTests.xctest */;
			productType = "com.apple.product-type.bundle.unit-test";
		};
/* End PBXNativeTarget section */

/* Begin PBXProject section */
		50BBDB7B1F1006C400846F3B /* Project object */ = {
			isa = PBXProject;
			attributes = {
				LastSwiftUpdateCheck = 0830;
				LastUpgradeCheck = 0830;
				ORGANIZATIONNAME = "MJ Norona";
				TargetAttributes = {
					50BBDB821F1006C400846F3B = {
						CreatedOnToolsVersion = 8.3.3;
						ProvisioningStyle = Automatic;
					};
					50BBDB961F1006C500846F3B = {
						CreatedOnToolsVersion = 8.3.3;
						ProvisioningStyle = Automatic;
						TestTargetID = 50BBDB821F1006C400846F3B;
					};
				};
			};
			buildConfigurationList = 50BBDB7E1F1006C400846F3B /* Build configuration list for PBXProject "Segue" */;
			compatibilityVersion = "Xcode 3.2";
			developmentRegion = English;
			hasScannedForEncodings = 0;
			knownRegions = (
				en,
				Base,
			);
			mainGroup = 50BBDB7A1F1006C400846F3B;
			productRefGroup = 50BBDB841F1006C400846F3B /* Products */;
			projectDirPath = "";
			projectRoot = "";
			targets = (
				50BBDB821F1006C400846F3B /* Segue */,
				50BBDB961F1006C500846F3B /* SegueTests */,
			);
		};
/* End PBXProject section */

/* Begin PBXResourcesBuildPhase section */
		50BBDB811F1006C400846F3B /* Resources */ = {
			isa = PBXResourcesBuildPhase;
			buildActionMask = 2147483647;
			files = (
				50BBDB911F1006C500846F3B /* LaunchScreen.storyboard in Resources */,
				50BBDB8E1F1006C500846F3B /* Assets.xcassets in Resources */,
				50BBDB8C1F1006C500846F3B /* Main.storyboard in Resources */,
			);
			runOnlyForDeploymentPostprocessing = 0;
		};
		50BBDB951F1006C500846F3B /* Resources */ = {
			isa = PBXResourcesBuildPhase;
			buildActionMask = 2147483647;
			files = (
			);
			runOnlyForDeploymentPostprocessing = 0;
		};
/* End PBXResourcesBuildPhase section */

/* Begin PBXSourcesBuildPhase section */
		50BBDB7F1F1006C400846F3B /* Sources */ = {
			isa = PBXSourcesBuildPhase;
			buildActionMask = 2147483647;
			files = (
				50BBDB891F1006C500846F3B /* ViewController.swift in Sources */,
				50BBDBA71F10073100846F3B /* OtherViewController.swift in Sources */,
				50BBDB871F1006C500846F3B /* AppDelegate.swift in Sources */,
			);
			runOnlyForDeploymentPostprocessing = 0;
		};
		50BBDB931F1006C500846F3B /* Sources */ = {
			isa = PBXSourcesBuildPhase;
			buildActionMask = 2147483647;
			files = (
				50BBDB9C1F1006C500846F3B /* SegueTests.swift in Sources */,
			);
			runOnlyForDeploymentPostprocessing = 0;
		};
/* End PBXSourcesBuildPhase section */

/* Begin PBXTargetDependency section */
		50BBDB991F1006C500846F3B /* PBXTargetDependency */ = {
			isa = PBXTargetDependency;
			target = 50BBDB821F1006C400846F3B /* Segue */;
			targetProxy = 50BBDB981F1006C500846F3B /* PBXContainerItemProxy */;
		};
/* End PBXTargetDependency section */

/* Begin PBXVariantGroup section */
		50BBDB8A1F1006C500846F3B /* Main.storyboard */ = {
			isa = PBXVariantGroup;
			children = (
				50BBDB8B1F1006C500846F3B /* Base */,
			);
			name = Main.storyboard;
			sourceTree = "<group>";
		};
		50BBDB8F1F1006C500846F3B /* LaunchScreen.storyboard */ = {
			isa = PBXVariantGroup;
			children = (
				50BBDB901F1006C500846F3B /* Base */,
			);
			name = LaunchScreen.storyboard;
			sourceTree = "<group>";
		};
/* End PBXVariantGroup section */

/* Begin XCBuildConfiguration section */
		50BBDB9E1F1006C500846F3B /* Debug */ = {
			isa = XCBuildConfiguration;
			buildSettings = {
				ALWAYS_SEARCH_USER_PATHS = NO;
				CLANG_ANALYZER_NONNULL = YES;
				CLANG_ANALYZER_NUMBER_OBJECT_CONVERSION = YES_AGGRESSIVE;
				CLANG_CXX_LANGUAGE_STANDARD = "gnu++0x";
				CLANG_CXX_LIBRARY = "libc++";
				CLANG_ENABLE_MODULES = YES;
				CLANG_ENABLE_OBJC_ARC = YES;
				CLANG_WARN_BOOL_CONVERSION = YES;
				CLANG_WARN_CONSTANT_CONVERSION = YES;
				CLANG_WARN_DIRECT_OBJC_ISA_USAGE = YES_ERROR;
				CLANG_WARN_DOCUMENTATION_COMMENTS = YES;
				CLANG_WARN_EMPTY_BODY = YES;
				CLANG_WARN_ENUM_CONVERSION = YES;
				CLANG_WARN_INFINITE_RECURSION = YES;
				CLANG_WARN_INT_CONVERSION = YES;
				CLANG_WARN_OBJC_ROOT_CLASS = YES_ERROR;
				CLANG_WARN_SUSPICIOUS_MOVE = YES;
				CLANG_WARN_UNREACHABLE_CODE = YES;
				CLANG_WARN__DUPLICATE_METHOD_MATCH = YES;
				"CODE_SIGN_IDENTITY[sdk=iphoneos*]" = "iPhone Developer";
				COPY_PHASE_STRIP = NO;
				DEBUG_INFORMATION_FORMAT = dwarf;
				ENABLE_STRICT_OBJC_MSGSEND = YES;
				ENABLE_TESTABILITY = YES;
				GCC_C_LANGUAGE_STANDARD = gnu99;
				GCC_DYNAMIC_NO_PIC = NO;
				GCC_NO_COMMON_BLOCKS = YES;
				GCC_OPTIMIZATION_LEVEL = 0;
				GCC_PREPROCESSOR_DEFINITIONS = (
					"DEBUG=1",
					"$(inherited)",
				);
				GCC_WARN_64_TO_32_BIT_CONVERSION = YES;
				GCC_WARN_ABOUT_RETURN_TYPE = YES_ERROR;
				GCC_WARN_UNDECLARED_SELECTOR = YES;
				GCC_WARN_UNINITIALIZED_AUTOS = YES_AGGRESSIVE;
				GCC_WARN_UNUSED_FUNCTION = YES;
				GCC_WARN_UNUSED_VARIABLE = YES;
				IPHONEOS_DEPLOYMENT_TARGET = 10.3;
				MTL_ENABLE_DEBUG_INFO = YES;
				ONLY_ACTIVE_ARCH = YES;
				SDKROOT = iphoneos;
				SWIFT_ACTIVE_COMPILATION_CONDITIONS = DEBUG;
				SWIFT_OPTIMIZATION_LEVEL = "-Onone";
				TARGETED_DEVICE_FAMILY = "1,2";
			};
			name = Debug;
		};
		50BBDB9F1F1006C500846F3B /* Release */ = {
			isa = XCBuildConfiguration;
			buildSettings = {
				ALWAYS_SEARCH_USER_PATHS = NO;
				CLANG_ANALYZER_NONNULL = YES;
				CLANG_ANALYZER_NUMBER_OBJECT_CONVERSION = YES_AGGRESSIVE;
				CLANG_CXX_LANGUAGE_STANDARD = "gnu++0x";
				CLANG_CXX_LIBRARY = "libc++";
				CLANG_ENABLE_MODULES = YES;
				CLANG_ENABLE_OBJC_ARC = YES;
				CLANG_WARN_BOOL_CONVERSION = YES;
				CLANG_WARN_CONSTANT_CONVERSION = YES;
				CLANG_WARN_DIRECT_OBJC_ISA_USAGE = YES_ERROR;
				CLANG_WARN_DOCUMENTATION_COMMENTS = YES;
				CLANG_WARN_EMPTY_BODY = YES;
				CLANG_WARN_ENUM_CONVERSION = YES;
				CLANG_WARN_INFINITE_RECURSION = YES;
				CLANG_WARN_INT_CONVERSION = YES;
				CLANG_WARN_OBJC_ROOT_CLASS = YES_ERROR;
				CLANG_WARN_SUSPICIOUS_MOVE = YES;
				CLANG_WARN_UNREACHABLE_CODE = YES;
				CLANG_WARN__DUPLICATE_METHOD_MATCH = YES;
				"CODE_SIGN_IDENTITY[sdk=iphoneos*]" = "iPhone Developer";
				COPY_PHASE_STRIP = NO;
				DEBUG_INFORMATION_FORMAT = "dwarf-with-dsym";
				ENABLE_NS_ASSERTIONS = NO;
				ENABLE_STRICT_OBJC_MSGSEND = YES;
				GCC_C_LANGUAGE_STANDARD = gnu99;
				GCC_NO_COMMON_BLOCKS = YES;
				GCC_WARN_64_TO_32_BIT_CONVERSION = YES;
				GCC_WARN_ABOUT_RETURN_TYPE = YES_ERROR;
				GCC_WARN_UNDECLARED_SELECTOR = YES;
				GCC_WARN_UNINITIALIZED_AUTOS = YES_AGGRESSIVE;
				GCC_WARN_UNUSED_FUNCTION = YES;
				GCC_WARN_UNUSED_VARIABLE = YES;
				IPHONEOS_DEPLOYMENT_TARGET = 10.3;
				MTL_ENABLE_DEBUG_INFO = NO;
				SDKROOT = iphoneos;
				SWIFT_OPTIMIZATION_LEVEL = "-Owholemodule";
				TARGETED_DEVICE_FAMILY = "1,2";
				VALIDATE_PRODUCT = YES;
			};
			name = Release;
		};
		50BBDBA11F1006C500846F3B /* Debug */ = {
			isa = XCBuildConfiguration;
			buildSettings = {
				ASSETCATALOG_COMPILER_APPICON_NAME = AppIcon;
				INFOPLIST_FILE = Segue/Info.plist;
				LD_RUNPATH_SEARCH_PATHS = "$(inherited) @executable_path/Frameworks";
				PRODUCT_BUNDLE_IDENTIFIER = com.example.Segue;
				PRODUCT_NAME = "$(TARGET_NAME)";
				SWIFT_VERSION = 3.0;
			};
			name = Debug;
		};
		50BBDBA21F1006C500846F3B /* Release */ = {
			isa = XCBuildConfiguration;
			buildSettings = {
				ASSETCATALOG_COMPILER_APPICON_NAME = AppIcon;
				INFOPLIST_FILE = Segue/Info.plist;
				LD_RUNPATH_SEARCH_PATHS = "$(inherited) @executable_path/Frameworks";
				PRODUCT_BUNDLE_IDENTIFIER = com.example.Segue;
				PRODUCT_NAME = "$(TARGET_NAME)";
				SWIFT_VERSION = 3.0;
			};
			name = Release;
		};
		50BBDBA41F1006C500846F3B /* Debug */ = {
			isa = XCBuildConfiguration;
			buildSettings = {
				ALWAYS_EMBED_SWIFT_STANDARD_LIBRARIES = YES;
				BUNDLE_LOADER = "$(TEST_HOST)";
				INFOPLIST_FILE = SegueTests/Info.plist;
				LD_RUNPATH_SEARCH_PATHS = "$(inherited) @executable_path/Frameworks @loader_path/Frameworks";
				PRODUCT_BUNDLE_IDENTIFIER = com.example.SegueTests;
				PRODUCT_NAME = "$(TARGET_NAME)";
				SWIFT_VERSION = 3.0;
				TEST_HOST = "$(BUILT_PRODUCTS_DIR)/Segue.app/Segue";
			};
			name = Debug;
		};
		50BBDBA51F1006C500846F3B /* Release */ = {
			isa = XCBuildConfiguration;
			buildSettings = {
				ALWAYS_EMBED_SWIFT_STANDARD_LIBRARIES = YES;
				BUNDLE_LOADER = "$(TEST_HOST)";
				INFOPLIST_FILE = SegueTests/Info.plist;
				LD_RUNPATH_SEARCH_PATHS = "$(inherited) @executable_path/Frameworks @loader_path/Frameworks";
				PRODUCT_BUNDLE_IDENTIFIER = com.example.SegueTests;
				PRODUCT_NAME = "$(TARGET_NAME)";
				SWIFT_VERSION = 3.0;
				TEST_HOST = "$(BUILT_PRODUCTS_DIR)/Segue.app/Segue";
			};
			name = Release;
		};
/* End XCBuildConfiguration section */

/* Begin XCConfigurationList section */
		50BBDB7E1F1006C400846F3B /* Build configuration list for PBXProject "Segue" */ = {
			isa = XCConfigurationList;
			buildConfigurations = (
				50BBDB9E1F1006C500846F3B /* Debug */,
				50BBDB9F1F1006C500846F3B /* Release */,
			);
			defaultConfigurationIsVisible = 0;
			defaultConfigurationName = Release;
		};
		50BBDBA01F1006C500846F3B /* Build configuration list for PBXNativeTarget "Segue" */ = {
			isa = XCConfigurationList;
			buildConfigurations = (
				50BBDBA11F1006C500846F3B /* Debug */,
				50BBDBA21F1006C500846F3B /* Release */,
			);
			defaultConfigurationIsVisible = 0;
		};
		50BBDBA31F1006C500846F3B /* Build configuration list for PBXNativeTarget "SegueTests" */ = {
			isa = XCConfigurationList;
			buildConfigurations = (
				50BBDBA41F1006C500846F3B /* Debug */,
				50BBDBA51F1006C500846F3B /* Release */,
			);
			defaultConfigurationIsVisible = 0;
		};
/* End XCConfigurationList section */
	};
	rootObject = 50BBDB7B1F1006C400846F3B /* Project object */;
}
