// !$*UTF8*$!
{
	archiveVersion = 1;
	classes = {
	};
	objectVersion = 46;
	objects = {

/* Begin PBXBuildFile section */
		506801C11F1E850E00921167 /* TaskModel.swift in Sources */ = {isa = PBXBuildFile; fileRef = 506801C01F1E850E00921167 /* TaskModel.swift */; };
		506AEF5B1F159E1C00693986 /* BucketList.xcdatamodeld in Sources */ = {isa = PBXBuildFile; fileRef = 506AEF591F159E1C00693986 /* BucketList.xcdatamodeld */; };
		50EF13091F141E2700342822 /* AppDelegate.swift in Sources */ = {isa = PBXBuildFile; fileRef = 50EF13081F141E2700342822 /* AppDelegate.swift */; };
		50EF130B1F141E2700342822 /* BucketListViewController.swift in Sources */ = {isa = PBXBuildFile; fileRef = 50EF130A1F141E2700342822 /* BucketListViewController.swift */; };
		50EF130E1F141E2700342822 /* Main.storyboard in Resources */ = {isa = PBXBuildFile; fileRef = 50EF130C1F141E2700342822 /* Main.storyboard */; };
		50EF13101F141E2700342822 /* Assets.xcassets in Resources */ = {isa = PBXBuildFile; fileRef = 50EF130F1F141E2700342822 /* Assets.xcassets */; };
		50EF13131F141E2700342822 /* LaunchScreen.storyboard in Resources */ = {isa = PBXBuildFile; fileRef = 50EF13111F141E2700342822 /* LaunchScreen.storyboard */; };
		50EF131E1F141E2700342822 /* BucketListTests.swift in Sources */ = {isa = PBXBuildFile; fileRef = 50EF131D1F141E2700342822 /* BucketListTests.swift */; };
		50EF13291F14234300342822 /* AddItemTableViewController.swift in Sources */ = {isa = PBXBuildFile; fileRef = 50EF13281F14234300342822 /* AddItemTableViewController.swift */; };
		50EF132D1F14288500342822 /* AddItemTableViewControllerDelegate.swift in Sources */ = {isa = PBXBuildFile; fileRef = 50EF132C1F14288500342822 /* AddItemTableViewControllerDelegate.swift */; };
/* End PBXBuildFile section */

/* Begin PBXContainerItemProxy section */
		50EF131A1F141E2700342822 /* PBXContainerItemProxy */ = {
			isa = PBXContainerItemProxy;
			containerPortal = 50EF12FD1F141E2700342822 /* Project object */;
			proxyType = 1;
			remoteGlobalIDString = 50EF13041F141E2700342822;
			remoteInfo = BucketList;
		};
/* End PBXContainerItemProxy section */

/* Begin PBXFileReference section */
		506801C01F1E850E00921167 /* TaskModel.swift */ = {isa = PBXFileReference; fileEncoding = 4; lastKnownFileType = sourcecode.swift; path = TaskModel.swift; sourceTree = "<group>"; };
		506AEF5A1F159E1C00693986 /* BucketList.xcdatamodel */ = {isa = PBXFileReference; lastKnownFileType = wrapper.xcdatamodel; path = BucketList.xcdatamodel; sourceTree = "<group>"; };
		50EF13051F141E2700342822 /* BucketList.app */ = {isa = PBXFileReference; explicitFileType = wrapper.application; includeInIndex = 0; path = BucketList.app; sourceTree = BUILT_PRODUCTS_DIR; };
		50EF13081F141E2700342822 /* AppDelegate.swift */ = {isa = PBXFileReference; lastKnownFileType = sourcecode.swift; path = AppDelegate.swift; sourceTree = "<group>"; };
		50EF130A1F141E2700342822 /* BucketListViewController.swift */ = {isa = PBXFileReference; lastKnownFileType = sourcecode.swift; path = BucketListViewController.swift; sourceTree = "<group>"; };
		50EF130D1F141E2700342822 /* Base */ = {isa = PBXFileReference; lastKnownFileType = file.storyboard; name = Base; path = Base.lproj/Main.storyboard; sourceTree = "<group>"; };
		50EF130F1F141E2700342822 /* Assets.xcassets */ = {isa = PBXFileReference; lastKnownFileType = folder.assetcatalog; path = Assets.xcassets; sourceTree = "<group>"; };
		50EF13121F141E2700342822 /* Base */ = {isa = PBXFileReference; lastKnownFileType = file.storyboard; name = Base; path = Base.lproj/LaunchScreen.storyboard; sourceTree = "<group>"; };
		50EF13141F141E2700342822 /* Info.plist */ = {isa = PBXFileReference; lastKnownFileType = text.plist.xml; path = Info.plist; sourceTree = "<group>"; };
		50EF13191F141E2700342822 /* BucketListTests.xctest */ = {isa = PBXFileReference; explicitFileType = wrapper.cfbundle; includeInIndex = 0; path = BucketListTests.xctest; sourceTree = BUILT_PRODUCTS_DIR; };
		50EF131D1F141E2700342822 /* BucketListTests.swift */ = {isa = PBXFileReference; lastKnownFileType = sourcecode.swift; path = BucketListTests.swift; sourceTree = "<group>"; };
		50EF131F1F141E2700342822 /* Info.plist */ = {isa = PBXFileReference; lastKnownFileType = text.plist.xml; path = Info.plist; sourceTree = "<group>"; };
		50EF13281F14234300342822 /* AddItemTableViewController.swift */ = {isa = PBXFileReference; fileEncoding = 4; lastKnownFileType = sourcecode.swift; path = AddItemTableViewController.swift; sourceTree = "<group>"; };
		50EF132C1F14288500342822 /* AddItemTableViewControllerDelegate.swift */ = {isa = PBXFileReference; fileEncoding = 4; lastKnownFileType = sourcecode.swift; path = AddItemTableViewControllerDelegate.swift; sourceTree = "<group>"; };
/* End PBXFileReference section */

/* Begin PBXFrameworksBuildPhase section */
		50EF13021F141E2700342822 /* Frameworks */ = {
			isa = PBXFrameworksBuildPhase;
			buildActionMask = 2147483647;
			files = (
			);
			runOnlyForDeploymentPostprocessing = 0;
		};
		50EF13161F141E2700342822 /* Frameworks */ = {
			isa = PBXFrameworksBuildPhase;
			buildActionMask = 2147483647;
			files = (
			);
			runOnlyForDeploymentPostprocessing = 0;
		};
/* End PBXFrameworksBuildPhase section */

/* Begin PBXGroup section */
		50EF12FC1F141E2700342822 = {
			isa = PBXGroup;
			children = (
				50EF13071F141E2700342822 /* BucketList */,
				50EF131C1F141E2700342822 /* BucketListTests */,
				50EF13061F141E2700342822 /* Products */,
			);
			sourceTree = "<group>";
		};
		50EF13061F141E2700342822 /* Products */ = {
			isa = PBXGroup;
			children = (
				50EF13051F141E2700342822 /* BucketList.app */,
				50EF13191F141E2700342822 /* BucketListTests.xctest */,
			);
			name = Products;
			sourceTree = "<group>";
		};
		50EF13071F141E2700342822 /* BucketList */ = {
			isa = PBXGroup;
			children = (
				50EF13081F141E2700342822 /* AppDelegate.swift */,
				506AEF591F159E1C00693986 /* BucketList.xcdatamodeld */,
				50EF130A1F141E2700342822 /* BucketListViewController.swift */,
				50EF130C1F141E2700342822 /* Main.storyboard */,
				50EF132C1F14288500342822 /* AddItemTableViewControllerDelegate.swift */,
				50EF13281F14234300342822 /* AddItemTableViewController.swift */,
				50EF130F1F141E2700342822 /* Assets.xcassets */,
				50EF13111F141E2700342822 /* LaunchScreen.storyboard */,
				50EF13141F141E2700342822 /* Info.plist */,
				506801C01F1E850E00921167 /* TaskModel.swift */,
			);
			path = BucketList;
			sourceTree = "<group>";
		};
		50EF131C1F141E2700342822 /* BucketListTests */ = {
			isa = PBXGroup;
			children = (
				50EF131D1F141E2700342822 /* BucketListTests.swift */,
				50EF131F1F141E2700342822 /* Info.plist */,
			);
			path = BucketListTests;
			sourceTree = "<group>";
		};
/* End PBXGroup section */

/* Begin PBXNativeTarget section */
		50EF13041F141E2700342822 /* BucketList */ = {
			isa = PBXNativeTarget;
			buildConfigurationList = 50EF13221F141E2700342822 /* Build configuration list for PBXNativeTarget "BucketList" */;
			buildPhases = (
				50EF13011F141E2700342822 /* Sources */,
				50EF13021F141E2700342822 /* Frameworks */,
				50EF13031F141E2700342822 /* Resources */,
			);
			buildRules = (
			);
			dependencies = (
			);
			name = BucketList;
			productName = BucketList;
			productReference = 50EF13051F141E2700342822 /* BucketList.app */;
			productType = "com.apple.product-type.application";
		};
		50EF13181F141E2700342822 /* BucketListTests */ = {
			isa = PBXNativeTarget;
			buildConfigurationList = 50EF13251F141E2700342822 /* Build configuration list for PBXNativeTarget "BucketListTests" */;
			buildPhases = (
				50EF13151F141E2700342822 /* Sources */,
				50EF13161F141E2700342822 /* Frameworks */,
				50EF13171F141E2700342822 /* Resources */,
			);
			buildRules = (
			);
			dependencies = (
				50EF131B1F141E2700342822 /* PBXTargetDependency */,
			);
			name = BucketListTests;
			productName = BucketListTests;
			productReference = 50EF13191F141E2700342822 /* BucketListTests.xctest */;
			productType = "com.apple.product-type.bundle.unit-test";
		};
/* End PBXNativeTarget section */

/* Begin PBXProject section */
		50EF12FD1F141E2700342822 /* Project object */ = {
			isa = PBXProject;
			attributes = {
				LastSwiftUpdateCheck = 0830;
				LastUpgradeCheck = 0830;
				ORGANIZATIONNAME = "MJ Norona";
				TargetAttributes = {
					50EF13041F141E2700342822 = {
						CreatedOnToolsVersion = 8.3.3;
						DevelopmentTeam = K942986D66;
						ProvisioningStyle = Automatic;
					};
					50EF13181F141E2700342822 = {
						CreatedOnToolsVersion = 8.3.3;
						DevelopmentTeam = K942986D66;
						ProvisioningStyle = Automatic;
						TestTargetID = 50EF13041F141E2700342822;
					};
				};
			};
			buildConfigurationList = 50EF13001F141E2700342822 /* Build configuration list for PBXProject "BucketList" */;
			compatibilityVersion = "Xcode 3.2";
			developmentRegion = English;
			hasScannedForEncodings = 0;
			knownRegions = (
				en,
				Base,
			);
			mainGroup = 50EF12FC1F141E2700342822;
			productRefGroup = 50EF13061F141E2700342822 /* Products */;
			projectDirPath = "";
			projectRoot = "";
			targets = (
				50EF13041F141E2700342822 /* BucketList */,
				50EF13181F141E2700342822 /* BucketListTests */,
			);
		};
/* End PBXProject section */

/* Begin PBXResourcesBuildPhase section */
		50EF13031F141E2700342822 /* Resources */ = {
			isa = PBXResourcesBuildPhase;
			buildActionMask = 2147483647;
			files = (
				50EF13131F141E2700342822 /* LaunchScreen.storyboard in Resources */,
				50EF13101F141E2700342822 /* Assets.xcassets in Resources */,
				50EF130E1F141E2700342822 /* Main.storyboard in Resources */,
			);
			runOnlyForDeploymentPostprocessing = 0;
		};
		50EF13171F141E2700342822 /* Resources */ = {
			isa = PBXResourcesBuildPhase;
			buildActionMask = 2147483647;
			files = (
			);
			runOnlyForDeploymentPostprocessing = 0;
		};
/* End PBXResourcesBuildPhase section */

/* Begin PBXSourcesBuildPhase section */
		50EF13011F141E2700342822 /* Sources */ = {
			isa = PBXSourcesBuildPhase;
			buildActionMask = 2147483647;
			files = (
				506801C11F1E850E00921167 /* TaskModel.swift in Sources */,
				50EF130B1F141E2700342822 /* BucketListViewController.swift in Sources */,
				50EF13091F141E2700342822 /* AppDelegate.swift in Sources */,
				506AEF5B1F159E1C00693986 /* BucketList.xcdatamodeld in Sources */,
				50EF132D1F14288500342822 /* AddItemTableViewControllerDelegate.swift in Sources */,
				50EF13291F14234300342822 /* AddItemTableViewController.swift in Sources */,
			);
			runOnlyForDeploymentPostprocessing = 0;
		};
		50EF13151F141E2700342822 /* Sources */ = {
			isa = PBXSourcesBuildPhase;
			buildActionMask = 2147483647;
			files = (
				50EF131E1F141E2700342822 /* BucketListTests.swift in Sources */,
			);
			runOnlyForDeploymentPostprocessing = 0;
		};
/* End PBXSourcesBuildPhase section */

/* Begin PBXTargetDependency section */
		50EF131B1F141E2700342822 /* PBXTargetDependency */ = {
			isa = PBXTargetDependency;
			target = 50EF13041F141E2700342822 /* BucketList */;
			targetProxy = 50EF131A1F141E2700342822 /* PBXContainerItemProxy */;
		};
/* End PBXTargetDependency section */

/* Begin PBXVariantGroup section */
		50EF130C1F141E2700342822 /* Main.storyboard */ = {
			isa = PBXVariantGroup;
			children = (
				50EF130D1F141E2700342822 /* Base */,
			);
			name = Main.storyboard;
			sourceTree = "<group>";
		};
		50EF13111F141E2700342822 /* LaunchScreen.storyboard */ = {
			isa = PBXVariantGroup;
			children = (
				50EF13121F141E2700342822 /* Base */,
			);
			name = LaunchScreen.storyboard;
			sourceTree = "<group>";
		};
/* End PBXVariantGroup section */

/* Begin XCBuildConfiguration section */
		50EF13201F141E2700342822 /* Debug */ = {
			isa = XCBuildConfiguration;
			buildSettings = {
				ALWAYS_SEARCH_USER_PATHS = NO;
				CLANG_ANALYZER_NONNULL = YES;
				CLANG_ANALYZER_NUMBER_OBJECT_CONVERSION = YES_AGGRESSIVE;
				CLANG_CXX_LANGUAGE_STANDARD = "gnu++0x";
				CLANG_CXX_LIBRARY = "libc++";
				CLANG_ENABLE_MODULES = YES;
				CLANG_ENABLE_OBJC_ARC = YES;
				CLANG_WARN_BOOL_CONVERSION = YES;
				CLANG_WARN_CONSTANT_CONVERSION = YES;
				CLANG_WARN_DIRECT_OBJC_ISA_USAGE = YES_ERROR;
				CLANG_WARN_DOCUMENTATION_COMMENTS = YES;
				CLANG_WARN_EMPTY_BODY = YES;
				CLANG_WARN_ENUM_CONVERSION = YES;
				CLANG_WARN_INFINITE_RECURSION = YES;
				CLANG_WARN_INT_CONVERSION = YES;
				CLANG_WARN_OBJC_ROOT_CLASS = YES_ERROR;
				CLANG_WARN_SUSPICIOUS_MOVE = YES;
				CLANG_WARN_UNREACHABLE_CODE = YES;
				CLANG_WARN__DUPLICATE_METHOD_MATCH = YES;
				"CODE_SIGN_IDENTITY[sdk=iphoneos*]" = "iPhone Developer";
				COPY_PHASE_STRIP = NO;
				DEBUG_INFORMATION_FORMAT = dwarf;
				ENABLE_STRICT_OBJC_MSGSEND = YES;
				ENABLE_TESTABILITY = YES;
				GCC_C_LANGUAGE_STANDARD = gnu99;
				GCC_DYNAMIC_NO_PIC = NO;
				GCC_NO_COMMON_BLOCKS = YES;
				GCC_OPTIMIZATION_LEVEL = 0;
				GCC_PREPROCESSOR_DEFINITIONS = (
					"DEBUG=1",
					"$(inherited)",
				);
				GCC_WARN_64_TO_32_BIT_CONVERSION = YES;
				GCC_WARN_ABOUT_RETURN_TYPE = YES_ERROR;
				GCC_WARN_UNDECLARED_SELECTOR = YES;
				GCC_WARN_UNINITIALIZED_AUTOS = YES_AGGRESSIVE;
				GCC_WARN_UNUSED_FUNCTION = YES;
				GCC_WARN_UNUSED_VARIABLE = YES;
				IPHONEOS_DEPLOYMENT_TARGET = 10.3;
				MTL_ENABLE_DEBUG_INFO = YES;
				ONLY_ACTIVE_ARCH = YES;
				SDKROOT = iphoneos;
				SWIFT_ACTIVE_COMPILATION_CONDITIONS = DEBUG;
				SWIFT_OPTIMIZATION_LEVEL = "-Onone";
				TARGETED_DEVICE_FAMILY = "1,2";
			};
			name = Debug;
		};
		50EF13211F141E2700342822 /* Release */ = {
			isa = XCBuildConfiguration;
			buildSettings = {
				ALWAYS_SEARCH_USER_PATHS = NO;
				CLANG_ANALYZER_NONNULL = YES;
				CLANG_ANALYZER_NUMBER_OBJECT_CONVERSION = YES_AGGRESSIVE;
				CLANG_CXX_LANGUAGE_STANDARD = "gnu++0x";
				CLANG_CXX_LIBRARY = "libc++";
				CLANG_ENABLE_MODULES = YES;
				CLANG_ENABLE_OBJC_ARC = YES;
				CLANG_WARN_BOOL_CONVERSION = YES;
				CLANG_WARN_CONSTANT_CONVERSION = YES;
				CLANG_WARN_DIRECT_OBJC_ISA_USAGE = YES_ERROR;
				CLANG_WARN_DOCUMENTATION_COMMENTS = YES;
				CLANG_WARN_EMPTY_BODY = YES;
				CLANG_WARN_ENUM_CONVERSION = YES;
				CLANG_WARN_INFINITE_RECURSION = YES;
				CLANG_WARN_INT_CONVERSION = YES;
				CLANG_WARN_OBJC_ROOT_CLASS = YES_ERROR;
				CLANG_WARN_SUSPICIOUS_MOVE = YES;
				CLANG_WARN_UNREACHABLE_CODE = YES;
				CLANG_WARN__DUPLICATE_METHOD_MATCH = YES;
				"CODE_SIGN_IDENTITY[sdk=iphoneos*]" = "iPhone Developer";
				COPY_PHASE_STRIP = NO;
				DEBUG_INFORMATION_FORMAT = "dwarf-with-dsym";
				ENABLE_NS_ASSERTIONS = NO;
				ENABLE_STRICT_OBJC_MSGSEND = YES;
				GCC_C_LANGUAGE_STANDARD = gnu99;
				GCC_NO_COMMON_BLOCKS = YES;
				GCC_WARN_64_TO_32_BIT_CONVERSION = YES;
				GCC_WARN_ABOUT_RETURN_TYPE = YES_ERROR;
				GCC_WARN_UNDECLARED_SELECTOR = YES;
				GCC_WARN_UNINITIALIZED_AUTOS = YES_AGGRESSIVE;
				GCC_WARN_UNUSED_FUNCTION = YES;
				GCC_WARN_UNUSED_VARIABLE = YES;
				IPHONEOS_DEPLOYMENT_TARGET = 10.3;
				MTL_ENABLE_DEBUG_INFO = NO;
				SDKROOT = iphoneos;
				SWIFT_OPTIMIZATION_LEVEL = "-Owholemodule";
				TARGETED_DEVICE_FAMILY = "1,2";
				VALIDATE_PRODUCT = YES;
			};
			name = Release;
		};
		50EF13231F141E2700342822 /* Debug */ = {
			isa = XCBuildConfiguration;
			buildSettings = {
				ASSETCATALOG_COMPILER_APPICON_NAME = AppIcon;
				DEVELOPMENT_TEAM = K942986D66;
				INFOPLIST_FILE = BucketList/Info.plist;
				LD_RUNPATH_SEARCH_PATHS = "$(inherited) @executable_path/Frameworks";
				PRODUCT_BUNDLE_IDENTIFIER = com.example.BucketList;
				PRODUCT_NAME = "$(TARGET_NAME)";
				SWIFT_VERSION = 3.0;
			};
			name = Debug;
		};
		50EF13241F141E2700342822 /* Release */ = {
			isa = XCBuildConfiguration;
			buildSettings = {
				ASSETCATALOG_COMPILER_APPICON_NAME = AppIcon;
				DEVELOPMENT_TEAM = K942986D66;
				INFOPLIST_FILE = BucketList/Info.plist;
				LD_RUNPATH_SEARCH_PATHS = "$(inherited) @executable_path/Frameworks";
				PRODUCT_BUNDLE_IDENTIFIER = com.example.BucketList;
				PRODUCT_NAME = "$(TARGET_NAME)";
				SWIFT_VERSION = 3.0;
			};
			name = Release;
		};
		50EF13261F141E2700342822 /* Debug */ = {
			isa = XCBuildConfiguration;
			buildSettings = {
				ALWAYS_EMBED_SWIFT_STANDARD_LIBRARIES = YES;
				BUNDLE_LOADER = "$(TEST_HOST)";
				DEVELOPMENT_TEAM = K942986D66;
				INFOPLIST_FILE = BucketListTests/Info.plist;
				LD_RUNPATH_SEARCH_PATHS = "$(inherited) @executable_path/Frameworks @loader_path/Frameworks";
				PRODUCT_BUNDLE_IDENTIFIER = com.example.BucketListTests;
				PRODUCT_NAME = "$(TARGET_NAME)";
				SWIFT_VERSION = 3.0;
				TEST_HOST = "$(BUILT_PRODUCTS_DIR)/BucketList.app/BucketList";
			};
			name = Debug;
		};
		50EF13271F141E2700342822 /* Release */ = {
			isa = XCBuildConfiguration;
			buildSettings = {
				ALWAYS_EMBED_SWIFT_STANDARD_LIBRARIES = YES;
				BUNDLE_LOADER = "$(TEST_HOST)";
				DEVELOPMENT_TEAM = K942986D66;
				INFOPLIST_FILE = BucketListTests/Info.plist;
				LD_RUNPATH_SEARCH_PATHS = "$(inherited) @executable_path/Frameworks @loader_path/Frameworks";
				PRODUCT_BUNDLE_IDENTIFIER = com.example.BucketListTests;
				PRODUCT_NAME = "$(TARGET_NAME)";
				SWIFT_VERSION = 3.0;
				TEST_HOST = "$(BUILT_PRODUCTS_DIR)/BucketList.app/BucketList";
			};
			name = Release;
		};
/* End XCBuildConfiguration section */

/* Begin XCConfigurationList section */
		50EF13001F141E2700342822 /* Build configuration list for PBXProject "BucketList" */ = {
			isa = XCConfigurationList;
			buildConfigurations = (
				50EF13201F141E2700342822 /* Debug */,
				50EF13211F141E2700342822 /* Release */,
			);
			defaultConfigurationIsVisible = 0;
			defaultConfigurationName = Release;
		};
		50EF13221F141E2700342822 /* Build configuration list for PBXNativeTarget "BucketList" */ = {
			isa = XCConfigurationList;
			buildConfigurations = (
				50EF13231F141E2700342822 /* Debug */,
				50EF13241F141E2700342822 /* Release */,
			);
			defaultConfigurationIsVisible = 0;
			defaultConfigurationName = Release;
		};
		50EF13251F141E2700342822 /* Build configuration list for PBXNativeTarget "BucketListTests" */ = {
			isa = XCConfigurationList;
			buildConfigurations = (
				50EF13261F141E2700342822 /* Debug */,
				50EF13271F141E2700342822 /* Release */,
			);
			defaultConfigurationIsVisible = 0;
			defaultConfigurationName = Release;
		};
/* End XCConfigurationList section */

/* Begin XCVersionGroup section */
		506AEF591F159E1C00693986 /* BucketList.xcdatamodeld */ = {
			isa = XCVersionGroup;
			children = (
				506AEF5A1F159E1C00693986 /* BucketList.xcdatamodel */,
			);
			currentVersion = 506AEF5A1F159E1C00693986 /* BucketList.xcdatamodel */;
			path = BucketList.xcdatamodeld;
			sourceTree = "<group>";
			versionGroupType = wrapper.xcdatamodel;
		};
/* End XCVersionGroup section */
	};
	rootObject = 50EF12FD1F141E2700342822 /* Project object */;
}
